// !$*UTF8*$!
{
	archiveVersion = 1;
	classes = {
	};
	objectVersion = 51;
	objects = {

/* Begin PBXAggregateTarget section */
		1D2CC8732111D16100F91A7B /* libTMMSDKMaker */ = {
			isa = PBXAggregateTarget;
			buildConfigurationList = 1D2CC8742111D16100F91A7B /* Build configuration list for PBXAggregateTarget "libTMMSDKMaker" */;
			buildPhases = (
				1D2CC8772111D16600F91A7B /* ShellScript */,
			);
			dependencies = (
			);
			name = libTMMSDKMaker;
			productName = libTMMSDKMaker;
		};
		1D951604210B093C00861C3D /* TMMSDKMaker */ = {
			isa = PBXAggregateTarget;
			buildConfigurationList = 1D951605210B093C00861C3D /* Build configuration list for PBXAggregateTarget "TMMSDKMaker" */;
			buildPhases = (
				1D951608210B094700861C3D /* ShellScript */,
			);
			dependencies = (
				1D5FF6A0215BB452001E69CD /* PBXTargetDependency */,
			);
			name = TMMSDKMaker;
			productName = TMMSDKMaker;
		};
/* End PBXAggregateTarget section */

/* Begin PBXBuildFile section */
		1D0F47AB215DEAFB00385423 /* UIView+Toast.h in Headers */ = {isa = PBXBuildFile; fileRef = 1D0F47A9215DEAFB00385423 /* UIView+Toast.h */; };
		1D0F47AC215DEAFB00385423 /* UIView+Toast.m in Sources */ = {isa = PBXBuildFile; fileRef = 1D0F47AA215DEAFB00385423 /* UIView+Toast.m */; };
		1D0F47AD215DF52A00385423 /* Localizable.strings in Resources */ = {isa = PBXBuildFile; fileRef = 1D5FF6B6215BD9B2001E69CD /* Localizable.strings */; };
		1D1565A8210B101000866C0F /* TMMDeviceInfo.h in Headers */ = {isa = PBXBuildFile; fileRef = 1D15659D210B101000866C0F /* TMMDeviceInfo.h */; };
		1D1565AB210B101000866C0F /* TMMWeakTimer.h in Headers */ = {isa = PBXBuildFile; fileRef = 1D1565A2210B101000866C0F /* TMMWeakTimer.h */; };
		1D1565B5210B13C600866C0F /* UIViewController+TMMHook.h in Headers */ = {isa = PBXBuildFile; fileRef = 1D1565B3210B13C600866C0F /* UIViewController+TMMHook.h */; };
		1D1565B9210B144400866C0F /* UINavigationController+TMMHook.h in Headers */ = {isa = PBXBuildFile; fileRef = 1D1565B7210B144400866C0F /* UINavigationController+TMMHook.h */; };
		1D1565BB210B14D700866C0F /* UIApplication+TMMHook.h in Headers */ = {isa = PBXBuildFile; fileRef = 1D1565B0210B120500866C0F /* UIApplication+TMMHook.h */; };
		1D1565BE210B16EC00866C0F /* UIScrollView+TMMHook.h in Headers */ = {isa = PBXBuildFile; fileRef = 1D1565BC210B16EC00866C0F /* UIScrollView+TMMHook.h */; };
		1D1871762113174B007CFDBB /* TMMHook.m in Sources */ = {isa = PBXBuildFile; fileRef = 1D36164E210F000E003CD5A6 /* TMMHook.m */; };
		1D1871772113174F007CFDBB /* TMMHookHelper.m in Sources */ = {isa = PBXBuildFile; fileRef = 1D361653210F0372003CD5A6 /* TMMHookHelper.m */; };
		1D18717821131752007CFDBB /* UIWebView+TMMHook.m in Sources */ = {isa = PBXBuildFile; fileRef = 1D482310210B1FE5007D2AB1 /* UIWebView+TMMHook.m */; };
		1D18717921131756007CFDBB /* UIApplication+TMMHook.m in Sources */ = {isa = PBXBuildFile; fileRef = 1D1565B1210B122B00866C0F /* UIApplication+TMMHook.m */; };
		1D18717A2113175A007CFDBB /* UIViewController+TMMHook.m in Sources */ = {isa = PBXBuildFile; fileRef = 1D1565B4210B13C600866C0F /* UIViewController+TMMHook.m */; };
		1D18717B2113175D007CFDBB /* UINavigationController+TMMHook.m in Sources */ = {isa = PBXBuildFile; fileRef = 1D1565B8210B144400866C0F /* UINavigationController+TMMHook.m */; };
		1D18717C21131760007CFDBB /* UIScrollView+TMMHook.m in Sources */ = {isa = PBXBuildFile; fileRef = 1D1565BD210B16EC00866C0F /* UIScrollView+TMMHook.m */; };
		1D18717D21131763007CFDBB /* UITabBarController+TMMHook.m in Sources */ = {isa = PBXBuildFile; fileRef = 1D361658210F197D003CD5A6 /* UITabBarController+TMMHook.m */; };
		1D18717E21131766007CFDBB /* AppDelegate+TMMHook.m in Sources */ = {isa = PBXBuildFile; fileRef = 1D36164B210B23A8003CD5A6 /* AppDelegate+TMMHook.m */; };
		1D18717F21131769007CFDBB /* NSString+Hashes.m in Sources */ = {isa = PBXBuildFile; fileRef = 1D2CC79B21102BD700F91A7B /* NSString+Hashes.m */; };
		1D18718121131770007CFDBB /* TMMDeviceInfo.m in Sources */ = {isa = PBXBuildFile; fileRef = 1D15659C210B101000866C0F /* TMMDeviceInfo.m */; };
		1D18718221131775007CFDBB /* TMMWeakTimer.m in Sources */ = {isa = PBXBuildFile; fileRef = 1D1565A3210B101000866C0F /* TMMWeakTimer.m */; };
		1D1871842113177E007CFDBB /* TMMBeacon.m in Sources */ = {isa = PBXBuildFile; fileRef = 1D951620210B0A6B00861C3D /* TMMBeacon.m */; };
		1D18718521131782007CFDBB /* TMMApi.m in Sources */ = {isa = PBXBuildFile; fileRef = 1D2CC79F21102CE500F91A7B /* TMMApi.m */; };
		1D18718621131785007CFDBB /* TMMPingRequest.m in Sources */ = {isa = PBXBuildFile; fileRef = 1D2CC7A72111682600F91A7B /* TMMPingRequest.m */; };
		1D18718721131788007CFDBB /* TMMDevice.m in Sources */ = {isa = PBXBuildFile; fileRef = 1D36165E210F23C7003CD5A6 /* TMMDevice.m */; };
		1D187189211318B1007CFDBB /* TMMKeyChainStore.m in Sources */ = {isa = PBXBuildFile; fileRef = 1D5F2C202112FED800499C83 /* TMMKeyChainStore.m */; };
		1D18718A211318F9007CFDBB /* TMMAFSecurityPolicy.h in Headers */ = {isa = PBXBuildFile; fileRef = 1D5F2C112112FED800499C83 /* TMMAFSecurityPolicy.h */; };
		1D18718B211318F9007CFDBB /* TMMAFNetworkReachabilityManager.h in Headers */ = {isa = PBXBuildFile; fileRef = 1D5F2C122112FED800499C83 /* TMMAFNetworkReachabilityManager.h */; };
		1D18718C211318F9007CFDBB /* TMMAFURLSessionManager.h in Headers */ = {isa = PBXBuildFile; fileRef = 1D5F2C132112FED800499C83 /* TMMAFURLSessionManager.h */; };
		1D18718D211318F9007CFDBB /* TMMAFURLRequestSerialization.h in Headers */ = {isa = PBXBuildFile; fileRef = 1D5F2C142112FED800499C83 /* TMMAFURLRequestSerialization.h */; };
		1D18718E211318F9007CFDBB /* TMMAFURLResponseSerialization.h in Headers */ = {isa = PBXBuildFile; fileRef = 1D5F2C172112FED800499C83 /* TMMAFURLResponseSerialization.h */; };
		1D18718F211318F9007CFDBB /* TMMAFCompatibilityMacros.h in Headers */ = {isa = PBXBuildFile; fileRef = 1D5F2C1D2112FED800499C83 /* TMMAFCompatibilityMacros.h */; };
		1D187190211318F9007CFDBB /* TMMAFHTTPSessionManager.h in Headers */ = {isa = PBXBuildFile; fileRef = 1D5F2C1E2112FED800499C83 /* TMMAFHTTPSessionManager.h */; };
		1D18719121131906007CFDBB /* TMMAFURLResponseSerialization.m in Sources */ = {isa = PBXBuildFile; fileRef = 1D5F2C152112FED800499C83 /* TMMAFURLResponseSerialization.m */; };
		1D18719221131906007CFDBB /* TMMAFHTTPSessionManager.m in Sources */ = {isa = PBXBuildFile; fileRef = 1D5F2C162112FED800499C83 /* TMMAFHTTPSessionManager.m */; };
		1D18719321131906007CFDBB /* TMMAFURLSessionManager.m in Sources */ = {isa = PBXBuildFile; fileRef = 1D5F2C182112FED800499C83 /* TMMAFURLSessionManager.m */; };
		1D18719421131906007CFDBB /* TMMAFURLRequestSerialization.m in Sources */ = {isa = PBXBuildFile; fileRef = 1D5F2C192112FED800499C83 /* TMMAFURLRequestSerialization.m */; };
		1D18719521131906007CFDBB /* TMMAFNetworkReachabilityManager.m in Sources */ = {isa = PBXBuildFile; fileRef = 1D5F2C1B2112FED800499C83 /* TMMAFNetworkReachabilityManager.m */; };
		1D18719621131906007CFDBB /* TMMAFSecurityPolicy.m in Sources */ = {isa = PBXBuildFile; fileRef = 1D5F2C1C2112FED800499C83 /* TMMAFSecurityPolicy.m */; };
		1D18719721131919007CFDBB /* TMMJSONModel.m in Sources */ = {isa = PBXBuildFile; fileRef = 1D5F2C3A2112FF2E00499C83 /* TMMJSONModel.m */; };
		1D18719821131919007CFDBB /* TMMJSONModelError.m in Sources */ = {isa = PBXBuildFile; fileRef = 1D5F2C3B2112FF2E00499C83 /* TMMJSONModelError.m */; };
		1D18719921131919007CFDBB /* TMMJSONModelClassProperty.m in Sources */ = {isa = PBXBuildFile; fileRef = 1D5F2C3E2112FF2E00499C83 /* TMMJSONModelClassProperty.m */; };
		1D18719A2113192F007CFDBB /* TMMJSONModelClassProperty.h in Headers */ = {isa = PBXBuildFile; fileRef = 1D5F2C3C2112FF2E00499C83 /* TMMJSONModelClassProperty.h */; };
		1D18719B2113192F007CFDBB /* TMMJSONModel.h in Headers */ = {isa = PBXBuildFile; fileRef = 1D5F2C3D2112FF2E00499C83 /* TMMJSONModel.h */; };
		1D18719C2113192F007CFDBB /* TMMJSONModelError.h in Headers */ = {isa = PBXBuildFile; fileRef = 1D5F2C3F2112FF2E00499C83 /* TMMJSONModelError.h */; };
		1D18719D2113193E007CFDBB /* TMMJSONHTTPClient.m in Sources */ = {isa = PBXBuildFile; fileRef = 1D5F2C442112FF2E00499C83 /* TMMJSONHTTPClient.m */; };
		1D18719E2113193E007CFDBB /* TMMJSONAPI.m in Sources */ = {isa = PBXBuildFile; fileRef = 1D5F2C452112FF2E00499C83 /* TMMJSONAPI.m */; };
		1D18719F2113193E007CFDBB /* TMMJSONModel+networking.m in Sources */ = {isa = PBXBuildFile; fileRef = 1D5F2C492112FF2E00499C83 /* TMMJSONModel+networking.m */; };
		1D1871A021131942007CFDBB /* TMMJSONModel+networking.h in Headers */ = {isa = PBXBuildFile; fileRef = 1D5F2C462112FF2E00499C83 /* TMMJSONModel+networking.h */; };
		1D1871A121131942007CFDBB /* TMMJSONHTTPClient.h in Headers */ = {isa = PBXBuildFile; fileRef = 1D5F2C472112FF2E00499C83 /* TMMJSONHTTPClient.h */; };
		1D1871A221131942007CFDBB /* TMMJSONAPI.h in Headers */ = {isa = PBXBuildFile; fileRef = 1D5F2C482112FF2E00499C83 /* TMMJSONAPI.h */; };
		1D1871A321131949007CFDBB /* TMMJSONValueTransformer.m in Sources */ = {isa = PBXBuildFile; fileRef = 1D5F2C352112FF2E00499C83 /* TMMJSONValueTransformer.m */; };
		1D1871A421131949007CFDBB /* TMMJSONKeyMapper.m in Sources */ = {isa = PBXBuildFile; fileRef = 1D5F2C382112FF2E00499C83 /* TMMJSONKeyMapper.m */; };
		1D1871A52113194C007CFDBB /* TMMJSONKeyMapper.h in Headers */ = {isa = PBXBuildFile; fileRef = 1D5F2C362112FF2E00499C83 /* TMMJSONKeyMapper.h */; };
		1D1871A62113194C007CFDBB /* TMMJSONValueTransformer.h in Headers */ = {isa = PBXBuildFile; fileRef = 1D5F2C372112FF2E00499C83 /* TMMJSONValueTransformer.h */; };
		1D2CC79C21102BD700F91A7B /* NSString+Hashes.h in Headers */ = {isa = PBXBuildFile; fileRef = 1D2CC79A21102BD700F91A7B /* NSString+Hashes.h */; };
		1D2CC7A5211164EA00F91A7B /* TMMApi.h in Headers */ = {isa = PBXBuildFile; fileRef = 1D2CC79E21102CA600F91A7B /* TMMApi.h */; };
		1D2CC84F2111C8FE00F91A7B /* libTMMSDK.m in Sources */ = {isa = PBXBuildFile; fileRef = 1D2CC84E2111C8FE00F91A7B /* libTMMSDK.m */; };
		1D2CC8502111C8FE00F91A7B /* libTMMSDK.h in CopyFiles */ = {isa = PBXBuildFile; fileRef = 1D2CC84D2111C8FE00F91A7B /* libTMMSDK.h */; };
		1D2CC8542111CB5500F91A7B /* TMMHook.m in Sources */ = {isa = PBXBuildFile; fileRef = 1D36164E210F000E003CD5A6 /* TMMHook.m */; };
		1D2CC8552111CB6300F91A7B /* TMMHook.h in Headers */ = {isa = PBXBuildFile; fileRef = 1D361650210F0045003CD5A6 /* TMMHook.h */; };
		1D2CC8572111CB9B00F91A7B /* TMMHookHelper.h in Headers */ = {isa = PBXBuildFile; fileRef = 1D361652210F0359003CD5A6 /* TMMHookHelper.h */; };
		1D2CC8582111CB9F00F91A7B /* TMMHookHelper.m in Sources */ = {isa = PBXBuildFile; fileRef = 1D361653210F0372003CD5A6 /* TMMHookHelper.m */; };
		1D2CC8592111CBA600F91A7B /* UIWebView+TMMHook.m in Sources */ = {isa = PBXBuildFile; fileRef = 1D482310210B1FE5007D2AB1 /* UIWebView+TMMHook.m */; };
		1D2CC85A2111CBAB00F91A7B /* UIApplication+TMMHook.m in Sources */ = {isa = PBXBuildFile; fileRef = 1D1565B1210B122B00866C0F /* UIApplication+TMMHook.m */; };
		1D2CC85B2111CBC100F91A7B /* UIViewController+TMMHook.m in Sources */ = {isa = PBXBuildFile; fileRef = 1D1565B4210B13C600866C0F /* UIViewController+TMMHook.m */; };
		1D2CC85C2111CBC600F91A7B /* UINavigationController+TMMHook.m in Sources */ = {isa = PBXBuildFile; fileRef = 1D1565B8210B144400866C0F /* UINavigationController+TMMHook.m */; };
		1D2CC85D2111CBCC00F91A7B /* UIScrollView+TMMHook.m in Sources */ = {isa = PBXBuildFile; fileRef = 1D1565BD210B16EC00866C0F /* UIScrollView+TMMHook.m */; };
		1D2CC85E2111CBD300F91A7B /* UITabBarController+TMMHook.m in Sources */ = {isa = PBXBuildFile; fileRef = 1D361658210F197D003CD5A6 /* UITabBarController+TMMHook.m */; };
		1D2CC85F2111CBD800F91A7B /* AppDelegate+TMMHook.m in Sources */ = {isa = PBXBuildFile; fileRef = 1D36164B210B23A8003CD5A6 /* AppDelegate+TMMHook.m */; };
		1D2CC8602111CBE000F91A7B /* NSString+Hashes.m in Sources */ = {isa = PBXBuildFile; fileRef = 1D2CC79B21102BD700F91A7B /* NSString+Hashes.m */; };
		1D2CC8632111CBF500F91A7B /* TMMDeviceInfo.m in Sources */ = {isa = PBXBuildFile; fileRef = 1D15659C210B101000866C0F /* TMMDeviceInfo.m */; };
		1D2CC8642111CBFC00F91A7B /* TMMWeakTimer.m in Sources */ = {isa = PBXBuildFile; fileRef = 1D1565A3210B101000866C0F /* TMMWeakTimer.m */; };
		1D2CC8662111CC0D00F91A7B /* TMMBeacon.m in Sources */ = {isa = PBXBuildFile; fileRef = 1D951620210B0A6B00861C3D /* TMMBeacon.m */; };
		1D2CC8672111CC1200F91A7B /* TMMApi.m in Sources */ = {isa = PBXBuildFile; fileRef = 1D2CC79F21102CE500F91A7B /* TMMApi.m */; };
		1D2CC8682111CC1900F91A7B /* TMMPingRequest.h in Headers */ = {isa = PBXBuildFile; fileRef = 1D2CC7A6211167CA00F91A7B /* TMMPingRequest.h */; };
		1D2CC8692111CC1C00F91A7B /* TMMPingRequest.m in Sources */ = {isa = PBXBuildFile; fileRef = 1D2CC7A72111682600F91A7B /* TMMPingRequest.m */; };
		1D2CC86A2111CC2000F91A7B /* TMMDevice.m in Sources */ = {isa = PBXBuildFile; fileRef = 1D36165E210F23C7003CD5A6 /* TMMDevice.m */; };
		1D2CC86B2111CC2500F91A7B /* TMMBeaconDelegate.h in Headers */ = {isa = PBXBuildFile; fileRef = 1D361655210F14CB003CD5A6 /* TMMBeaconDelegate.h */; };
		1D2CC86F2111CC5D00F91A7B /* Security.framework in Frameworks */ = {isa = PBXBuildFile; fileRef = 1D7CBDFC210F29CA0000A208 /* Security.framework */; };
		1D2CC8702111CC5F00F91A7B /* CoreTelephony.framework in Frameworks */ = {isa = PBXBuildFile; fileRef = 1D7CBDFA210F29A00000A208 /* CoreTelephony.framework */; };
		1D2CC8712111CC6200F91A7B /* AdSupport.framework in Frameworks */ = {isa = PBXBuildFile; fileRef = 1D7CBDF8210F29940000A208 /* AdSupport.framework */; };
		1D36164C210B23A8003CD5A6 /* AppDelegate+TMMHook.h in Headers */ = {isa = PBXBuildFile; fileRef = 1D36164A210B23A8003CD5A6 /* AppDelegate+TMMHook.h */; };
		1D361659210F197D003CD5A6 /* UITabBarController+TMMHook.h in Headers */ = {isa = PBXBuildFile; fileRef = 1D361657210F197D003CD5A6 /* UITabBarController+TMMHook.h */; };
		1D36165F210F23C7003CD5A6 /* TMMDevice.h in Headers */ = {isa = PBXBuildFile; fileRef = 1D36165D210F23C7003CD5A6 /* TMMDevice.h */; settings = {ATTRIBUTES = (Public, ); }; };
		1D482311210B1FE5007D2AB1 /* UIWebView+TMMHook.h in Headers */ = {isa = PBXBuildFile; fileRef = 1D48230F210B1FE5007D2AB1 /* UIWebView+TMMHook.h */; };
		1D5F2C292112FED800499C83 /* TMMAFURLResponseSerialization.m in Sources */ = {isa = PBXBuildFile; fileRef = 1D5F2C152112FED800499C83 /* TMMAFURLResponseSerialization.m */; };
		1D5F2C2A2112FED800499C83 /* TMMAFHTTPSessionManager.m in Sources */ = {isa = PBXBuildFile; fileRef = 1D5F2C162112FED800499C83 /* TMMAFHTTPSessionManager.m */; };
		1D5F2C2B2112FED800499C83 /* TMMAFURLSessionManager.m in Sources */ = {isa = PBXBuildFile; fileRef = 1D5F2C182112FED800499C83 /* TMMAFURLSessionManager.m */; };
		1D5F2C2C2112FED800499C83 /* TMMAFURLRequestSerialization.m in Sources */ = {isa = PBXBuildFile; fileRef = 1D5F2C192112FED800499C83 /* TMMAFURLRequestSerialization.m */; };
		1D5F2C2D2112FED800499C83 /* TMMAFNetworkReachabilityManager.m in Sources */ = {isa = PBXBuildFile; fileRef = 1D5F2C1B2112FED800499C83 /* TMMAFNetworkReachabilityManager.m */; };
		1D5F2C2E2112FED800499C83 /* TMMAFSecurityPolicy.m in Sources */ = {isa = PBXBuildFile; fileRef = 1D5F2C1C2112FED800499C83 /* TMMAFSecurityPolicy.m */; };
		1D5F2C2F2112FED800499C83 /* TMMKeyChainStore.m in Sources */ = {isa = PBXBuildFile; fileRef = 1D5F2C202112FED800499C83 /* TMMKeyChainStore.m */; };
		1D5F2C4A2112FF2E00499C83 /* TMMJSONValueTransformer.m in Sources */ = {isa = PBXBuildFile; fileRef = 1D5F2C352112FF2E00499C83 /* TMMJSONValueTransformer.m */; };
		1D5F2C4B2112FF2E00499C83 /* TMMJSONKeyMapper.m in Sources */ = {isa = PBXBuildFile; fileRef = 1D5F2C382112FF2E00499C83 /* TMMJSONKeyMapper.m */; };
		1D5F2C4C2112FF2E00499C83 /* TMMJSONModel.m in Sources */ = {isa = PBXBuildFile; fileRef = 1D5F2C3A2112FF2E00499C83 /* TMMJSONModel.m */; };
		1D5F2C4D2112FF2E00499C83 /* TMMJSONModelError.m in Sources */ = {isa = PBXBuildFile; fileRef = 1D5F2C3B2112FF2E00499C83 /* TMMJSONModelError.m */; };
		1D5F2C4E2112FF2E00499C83 /* TMMJSONModelClassProperty.m in Sources */ = {isa = PBXBuildFile; fileRef = 1D5F2C3E2112FF2E00499C83 /* TMMJSONModelClassProperty.m */; };
		1D5F2C4F2112FF2E00499C83 /* TMMJSONHTTPClient.m in Sources */ = {isa = PBXBuildFile; fileRef = 1D5F2C442112FF2E00499C83 /* TMMJSONHTTPClient.m */; };
		1D5F2C502112FF2E00499C83 /* TMMJSONAPI.m in Sources */ = {isa = PBXBuildFile; fileRef = 1D5F2C452112FF2E00499C83 /* TMMJSONAPI.m */; };
		1D5F2C512112FF2E00499C83 /* TMMJSONModel+networking.m in Sources */ = {isa = PBXBuildFile; fileRef = 1D5F2C492112FF2E00499C83 /* TMMJSONModel+networking.m */; };
		1D5F2C522112FF6200499C83 /* TMMJSONModelLib.h in Headers */ = {isa = PBXBuildFile; fileRef = 1D5F2C422112FF2E00499C83 /* TMMJSONModelLib.h */; };
		1D5F2C562112FFBA00499C83 /* TMMAFNetworking.h in Headers */ = {isa = PBXBuildFile; fileRef = 1D5F2C1A2112FED800499C83 /* TMMAFNetworking.h */; };
		1D5F2C572112FFC800499C83 /* TMMKeyChainStore.h in Headers */ = {isa = PBXBuildFile; fileRef = 1D5F2C212112FED800499C83 /* TMMKeyChainStore.h */; };
		1D5FF69B215BB3F0001E69CD /* Media.xcassets in Resources */ = {isa = PBXBuildFile; fileRef = 1D5FF68F215BA134001E69CD /* Media.xcassets */; };
		1D5FF69C215BB425001E69CD /* TMMSDKBundle.bundle in Resources */ = {isa = PBXBuildFile; fileRef = 1D5FF695215BB379001E69CD /* TMMSDKBundle.bundle */; };
		1D7CBDF9210F29940000A208 /* AdSupport.framework in Frameworks */ = {isa = PBXBuildFile; fileRef = 1D7CBDF8210F29940000A208 /* AdSupport.framework */; };
		1D7CBDFB210F29A00000A208 /* CoreTelephony.framework in Frameworks */ = {isa = PBXBuildFile; fileRef = 1D7CBDFA210F29A00000A208 /* CoreTelephony.framework */; };
		1D7CBDFD210F29CA0000A208 /* Security.framework in Frameworks */ = {isa = PBXBuildFile; fileRef = 1D7CBDFC210F29CA0000A208 /* Security.framework */; };
		1D9515FE210B090900861C3D /* TMMSDK.h in Headers */ = {isa = PBXBuildFile; fileRef = 1D9515FC210B090900861C3D /* TMMSDK.h */; settings = {ATTRIBUTES = (Public, ); }; };
		1D951622210B0B2600861C3D /* TMMBeacon.h in Headers */ = {isa = PBXBuildFile; fileRef = 1D95161F210B0A4F00861C3D /* TMMBeacon.h */; settings = {ATTRIBUTES = (Public, ); }; };
		1DA38ED12173B27F0073DB8A /* UIImageView+Networking.h in Headers */ = {isa = PBXBuildFile; fileRef = 1DA38ECF2173B27F0073DB8A /* UIImageView+Networking.h */; };
		1DA38ED22173B27F0073DB8A /* UIImageView+Networking.m in Sources */ = {isa = PBXBuildFile; fileRef = 1DA38ED02173B27F0073DB8A /* UIImageView+Networking.m */; };
		1DDB1251211864AE00130C51 /* NSString+Encryption.h in Headers */ = {isa = PBXBuildFile; fileRef = 1DDB124F211864AE00130C51 /* NSString+Encryption.h */; };
		1DDB1252211864AE00130C51 /* NSString+Encryption.m in Sources */ = {isa = PBXBuildFile; fileRef = 1DDB1250211864AE00130C51 /* NSString+Encryption.m */; };
		1DDB12552118657D00130C51 /* NSString+Base64.h in Headers */ = {isa = PBXBuildFile; fileRef = 1DDB12532118657D00130C51 /* NSString+Base64.h */; };
		1DDB12562118657D00130C51 /* NSString+Base64.m in Sources */ = {isa = PBXBuildFile; fileRef = 1DDB12542118657D00130C51 /* NSString+Base64.m */; };
		1DDB1259211865BB00130C51 /* NSData+Base64.h in Headers */ = {isa = PBXBuildFile; fileRef = 1DDB1257211865BB00130C51 /* NSData+Base64.h */; };
		1DDB125A211865BB00130C51 /* NSData+Base64.m in Sources */ = {isa = PBXBuildFile; fileRef = 1DDB1258211865BB00130C51 /* NSData+Base64.m */; };
		1DDB125D2119501400130C51 /* NSData+Hex.h in Headers */ = {isa = PBXBuildFile; fileRef = 1DDB125B2119501400130C51 /* NSData+Hex.h */; };
		1DDB125E2119501400130C51 /* NSData+Hex.m in Sources */ = {isa = PBXBuildFile; fileRef = 1DDB125C2119501400130C51 /* NSData+Hex.m */; };
/* End PBXBuildFile section */

/* Begin PBXContainerItemProxy section */
		1D5FF69F215BB452001E69CD /* PBXContainerItemProxy */ = {
			isa = PBXContainerItemProxy;
			containerPortal = 1D9515F0210B090900861C3D /* Project object */;
			proxyType = 1;
			remoteGlobalIDString = 1D9515F8210B090900861C3D;
			remoteInfo = TMMSDK;
		};
		1D5FF6A1215BB4C2001E69CD /* PBXContainerItemProxy */ = {
			isa = PBXContainerItemProxy;
			containerPortal = 1D9515F0210B090900861C3D /* Project object */;
			proxyType = 1;
			remoteGlobalIDString = 1D5FF694215BB379001E69CD;
			remoteInfo = TMMSDKBundle;
		};
/* End PBXContainerItemProxy section */

/* Begin PBXCopyFilesBuildPhase section */
		1D2CC8492111C8FE00F91A7B /* CopyFiles */ = {
			isa = PBXCopyFilesBuildPhase;
			buildActionMask = 2147483647;
			dstPath = "include/$(PRODUCT_NAME)";
			dstSubfolderSpec = 16;
			files = (
				1D2CC8502111C8FE00F91A7B /* libTMMSDK.h in CopyFiles */,
			);
			runOnlyForDeploymentPostprocessing = 0;
		};
/* End PBXCopyFilesBuildPhase section */

/* Begin PBXFileReference section */
		1D0F47A9215DEAFB00385423 /* UIView+Toast.h */ = {isa = PBXFileReference; lastKnownFileType = sourcecode.c.h; path = "UIView+Toast.h"; sourceTree = "<group>"; };
		1D0F47AA215DEAFB00385423 /* UIView+Toast.m */ = {isa = PBXFileReference; lastKnownFileType = sourcecode.c.objc; path = "UIView+Toast.m"; sourceTree = "<group>"; };
		1D15659C210B101000866C0F /* TMMDeviceInfo.m */ = {isa = PBXFileReference; fileEncoding = 4; lastKnownFileType = sourcecode.c.objc; path = TMMDeviceInfo.m; sourceTree = "<group>"; };
		1D15659D210B101000866C0F /* TMMDeviceInfo.h */ = {isa = PBXFileReference; fileEncoding = 4; lastKnownFileType = sourcecode.c.h; path = TMMDeviceInfo.h; sourceTree = "<group>"; };
		1D1565A2210B101000866C0F /* TMMWeakTimer.h */ = {isa = PBXFileReference; fileEncoding = 4; lastKnownFileType = sourcecode.c.h; path = TMMWeakTimer.h; sourceTree = "<group>"; };
		1D1565A3210B101000866C0F /* TMMWeakTimer.m */ = {isa = PBXFileReference; fileEncoding = 4; lastKnownFileType = sourcecode.c.objc; path = TMMWeakTimer.m; sourceTree = "<group>"; };
		1D1565B0210B120500866C0F /* UIApplication+TMMHook.h */ = {isa = PBXFileReference; lastKnownFileType = sourcecode.c.h; path = "UIApplication+TMMHook.h"; sourceTree = "<group>"; };
		1D1565B1210B122B00866C0F /* UIApplication+TMMHook.m */ = {isa = PBXFileReference; lastKnownFileType = sourcecode.c.objc; path = "UIApplication+TMMHook.m"; sourceTree = "<group>"; };
		1D1565B3210B13C600866C0F /* UIViewController+TMMHook.h */ = {isa = PBXFileReference; lastKnownFileType = sourcecode.c.h; path = "UIViewController+TMMHook.h"; sourceTree = "<group>"; };
		1D1565B4210B13C600866C0F /* UIViewController+TMMHook.m */ = {isa = PBXFileReference; lastKnownFileType = sourcecode.c.objc; path = "UIViewController+TMMHook.m"; sourceTree = "<group>"; };
		1D1565B7210B144400866C0F /* UINavigationController+TMMHook.h */ = {isa = PBXFileReference; lastKnownFileType = sourcecode.c.h; path = "UINavigationController+TMMHook.h"; sourceTree = "<group>"; };
		1D1565B8210B144400866C0F /* UINavigationController+TMMHook.m */ = {isa = PBXFileReference; lastKnownFileType = sourcecode.c.objc; path = "UINavigationController+TMMHook.m"; sourceTree = "<group>"; };
		1D1565BC210B16EC00866C0F /* UIScrollView+TMMHook.h */ = {isa = PBXFileReference; lastKnownFileType = sourcecode.c.h; path = "UIScrollView+TMMHook.h"; sourceTree = "<group>"; };
		1D1565BD210B16EC00866C0F /* UIScrollView+TMMHook.m */ = {isa = PBXFileReference; lastKnownFileType = sourcecode.c.objc; path = "UIScrollView+TMMHook.m"; sourceTree = "<group>"; };
		1D1871F021143037007CFDBB /* TMMSDK.xcconfig */ = {isa = PBXFileReference; lastKnownFileType = text.xcconfig; path = TMMSDK.xcconfig; sourceTree = "<group>"; };
		1D2CC79A21102BD700F91A7B /* NSString+Hashes.h */ = {isa = PBXFileReference; lastKnownFileType = sourcecode.c.h; path = "NSString+Hashes.h"; sourceTree = "<group>"; };
		1D2CC79B21102BD700F91A7B /* NSString+Hashes.m */ = {isa = PBXFileReference; lastKnownFileType = sourcecode.c.objc; path = "NSString+Hashes.m"; sourceTree = "<group>"; };
		1D2CC79E21102CA600F91A7B /* TMMApi.h */ = {isa = PBXFileReference; lastKnownFileType = sourcecode.c.h; path = TMMApi.h; sourceTree = "<group>"; };
		1D2CC79F21102CE500F91A7B /* TMMApi.m */ = {isa = PBXFileReference; lastKnownFileType = sourcecode.c.objc; path = TMMApi.m; sourceTree = "<group>"; };
		1D2CC7A6211167CA00F91A7B /* TMMPingRequest.h */ = {isa = PBXFileReference; lastKnownFileType = sourcecode.c.h; path = TMMPingRequest.h; sourceTree = "<group>"; };
		1D2CC7A72111682600F91A7B /* TMMPingRequest.m */ = {isa = PBXFileReference; lastKnownFileType = sourcecode.c.objc; path = TMMPingRequest.m; sourceTree = "<group>"; };
		1D2CC84B2111C8FE00F91A7B /* liblibTMMSDK.a */ = {isa = PBXFileReference; explicitFileType = archive.ar; includeInIndex = 0; path = liblibTMMSDK.a; sourceTree = BUILT_PRODUCTS_DIR; };
		1D2CC84D2111C8FE00F91A7B /* libTMMSDK.h */ = {isa = PBXFileReference; lastKnownFileType = sourcecode.c.h; path = libTMMSDK.h; sourceTree = "<group>"; };
		1D2CC84E2111C8FE00F91A7B /* libTMMSDK.m */ = {isa = PBXFileReference; lastKnownFileType = sourcecode.c.objc; path = libTMMSDK.m; sourceTree = "<group>"; };
		1D36164A210B23A8003CD5A6 /* AppDelegate+TMMHook.h */ = {isa = PBXFileReference; lastKnownFileType = sourcecode.c.h; path = "AppDelegate+TMMHook.h"; sourceTree = "<group>"; };
		1D36164B210B23A8003CD5A6 /* AppDelegate+TMMHook.m */ = {isa = PBXFileReference; lastKnownFileType = sourcecode.c.objc; path = "AppDelegate+TMMHook.m"; sourceTree = "<group>"; };
		1D36164E210F000E003CD5A6 /* TMMHook.m */ = {isa = PBXFileReference; lastKnownFileType = sourcecode.c.objc; path = TMMHook.m; sourceTree = "<group>"; };
		1D361650210F0045003CD5A6 /* TMMHook.h */ = {isa = PBXFileReference; lastKnownFileType = sourcecode.c.h; path = TMMHook.h; sourceTree = "<group>"; };
		1D361652210F0359003CD5A6 /* TMMHookHelper.h */ = {isa = PBXFileReference; lastKnownFileType = sourcecode.c.h; path = TMMHookHelper.h; sourceTree = "<group>"; };
		1D361653210F0372003CD5A6 /* TMMHookHelper.m */ = {isa = PBXFileReference; lastKnownFileType = sourcecode.c.objc; path = TMMHookHelper.m; sourceTree = "<group>"; };
		1D361655210F14CB003CD5A6 /* TMMBeaconDelegate.h */ = {isa = PBXFileReference; lastKnownFileType = sourcecode.c.h; path = TMMBeaconDelegate.h; sourceTree = "<group>"; };
		1D361657210F197D003CD5A6 /* UITabBarController+TMMHook.h */ = {isa = PBXFileReference; lastKnownFileType = sourcecode.c.h; path = "UITabBarController+TMMHook.h"; sourceTree = "<group>"; };
		1D361658210F197D003CD5A6 /* UITabBarController+TMMHook.m */ = {isa = PBXFileReference; lastKnownFileType = sourcecode.c.objc; path = "UITabBarController+TMMHook.m"; sourceTree = "<group>"; };
		1D36165D210F23C7003CD5A6 /* TMMDevice.h */ = {isa = PBXFileReference; lastKnownFileType = sourcecode.c.h; path = TMMDevice.h; sourceTree = "<group>"; };
		1D36165E210F23C7003CD5A6 /* TMMDevice.m */ = {isa = PBXFileReference; lastKnownFileType = sourcecode.c.objc; path = TMMDevice.m; sourceTree = "<group>"; };
		1D48230F210B1FE5007D2AB1 /* UIWebView+TMMHook.h */ = {isa = PBXFileReference; lastKnownFileType = sourcecode.c.h; path = "UIWebView+TMMHook.h"; sourceTree = "<group>"; };
		1D482310210B1FE5007D2AB1 /* UIWebView+TMMHook.m */ = {isa = PBXFileReference; lastKnownFileType = sourcecode.c.objc; path = "UIWebView+TMMHook.m"; sourceTree = "<group>"; };
		1D5F2C112112FED800499C83 /* TMMAFSecurityPolicy.h */ = {isa = PBXFileReference; fileEncoding = 4; lastKnownFileType = sourcecode.c.h; path = TMMAFSecurityPolicy.h; sourceTree = "<group>"; };
		1D5F2C122112FED800499C83 /* TMMAFNetworkReachabilityManager.h */ = {isa = PBXFileReference; fileEncoding = 4; lastKnownFileType = sourcecode.c.h; path = TMMAFNetworkReachabilityManager.h; sourceTree = "<group>"; };
		1D5F2C132112FED800499C83 /* TMMAFURLSessionManager.h */ = {isa = PBXFileReference; fileEncoding = 4; lastKnownFileType = sourcecode.c.h; path = TMMAFURLSessionManager.h; sourceTree = "<group>"; };
		1D5F2C142112FED800499C83 /* TMMAFURLRequestSerialization.h */ = {isa = PBXFileReference; fileEncoding = 4; lastKnownFileType = sourcecode.c.h; path = TMMAFURLRequestSerialization.h; sourceTree = "<group>"; };
		1D5F2C152112FED800499C83 /* TMMAFURLResponseSerialization.m */ = {isa = PBXFileReference; fileEncoding = 4; lastKnownFileType = sourcecode.c.objc; path = TMMAFURLResponseSerialization.m; sourceTree = "<group>"; };
		1D5F2C162112FED800499C83 /* TMMAFHTTPSessionManager.m */ = {isa = PBXFileReference; fileEncoding = 4; lastKnownFileType = sourcecode.c.objc; path = TMMAFHTTPSessionManager.m; sourceTree = "<group>"; };
		1D5F2C172112FED800499C83 /* TMMAFURLResponseSerialization.h */ = {isa = PBXFileReference; fileEncoding = 4; lastKnownFileType = sourcecode.c.h; path = TMMAFURLResponseSerialization.h; sourceTree = "<group>"; };
		1D5F2C182112FED800499C83 /* TMMAFURLSessionManager.m */ = {isa = PBXFileReference; fileEncoding = 4; lastKnownFileType = sourcecode.c.objc; path = TMMAFURLSessionManager.m; sourceTree = "<group>"; };
		1D5F2C192112FED800499C83 /* TMMAFURLRequestSerialization.m */ = {isa = PBXFileReference; fileEncoding = 4; lastKnownFileType = sourcecode.c.objc; path = TMMAFURLRequestSerialization.m; sourceTree = "<group>"; };
		1D5F2C1A2112FED800499C83 /* TMMAFNetworking.h */ = {isa = PBXFileReference; fileEncoding = 4; lastKnownFileType = sourcecode.c.h; path = TMMAFNetworking.h; sourceTree = "<group>"; };
		1D5F2C1B2112FED800499C83 /* TMMAFNetworkReachabilityManager.m */ = {isa = PBXFileReference; fileEncoding = 4; lastKnownFileType = sourcecode.c.objc; path = TMMAFNetworkReachabilityManager.m; sourceTree = "<group>"; };
		1D5F2C1C2112FED800499C83 /* TMMAFSecurityPolicy.m */ = {isa = PBXFileReference; fileEncoding = 4; lastKnownFileType = sourcecode.c.objc; path = TMMAFSecurityPolicy.m; sourceTree = "<group>"; };
		1D5F2C1D2112FED800499C83 /* TMMAFCompatibilityMacros.h */ = {isa = PBXFileReference; fileEncoding = 4; lastKnownFileType = sourcecode.c.h; path = TMMAFCompatibilityMacros.h; sourceTree = "<group>"; };
		1D5F2C1E2112FED800499C83 /* TMMAFHTTPSessionManager.h */ = {isa = PBXFileReference; fileEncoding = 4; lastKnownFileType = sourcecode.c.h; path = TMMAFHTTPSessionManager.h; sourceTree = "<group>"; };
		1D5F2C202112FED800499C83 /* TMMKeyChainStore.m */ = {isa = PBXFileReference; fileEncoding = 4; lastKnownFileType = sourcecode.c.objc; path = TMMKeyChainStore.m; sourceTree = "<group>"; };
		1D5F2C212112FED800499C83 /* TMMKeyChainStore.h */ = {isa = PBXFileReference; fileEncoding = 4; lastKnownFileType = sourcecode.c.h; path = TMMKeyChainStore.h; sourceTree = "<group>"; };
		1D5F2C352112FF2E00499C83 /* TMMJSONValueTransformer.m */ = {isa = PBXFileReference; fileEncoding = 4; lastKnownFileType = sourcecode.c.objc; path = TMMJSONValueTransformer.m; sourceTree = "<group>"; };
		1D5F2C362112FF2E00499C83 /* TMMJSONKeyMapper.h */ = {isa = PBXFileReference; fileEncoding = 4; lastKnownFileType = sourcecode.c.h; path = TMMJSONKeyMapper.h; sourceTree = "<group>"; };
		1D5F2C372112FF2E00499C83 /* TMMJSONValueTransformer.h */ = {isa = PBXFileReference; fileEncoding = 4; lastKnownFileType = sourcecode.c.h; path = TMMJSONValueTransformer.h; sourceTree = "<group>"; };
		1D5F2C382112FF2E00499C83 /* TMMJSONKeyMapper.m */ = {isa = PBXFileReference; fileEncoding = 4; lastKnownFileType = sourcecode.c.objc; path = TMMJSONKeyMapper.m; sourceTree = "<group>"; };
		1D5F2C3A2112FF2E00499C83 /* TMMJSONModel.m */ = {isa = PBXFileReference; fileEncoding = 4; lastKnownFileType = sourcecode.c.objc; path = TMMJSONModel.m; sourceTree = "<group>"; };
		1D5F2C3B2112FF2E00499C83 /* TMMJSONModelError.m */ = {isa = PBXFileReference; fileEncoding = 4; lastKnownFileType = sourcecode.c.objc; path = TMMJSONModelError.m; sourceTree = "<group>"; };
		1D5F2C3C2112FF2E00499C83 /* TMMJSONModelClassProperty.h */ = {isa = PBXFileReference; fileEncoding = 4; lastKnownFileType = sourcecode.c.h; path = TMMJSONModelClassProperty.h; sourceTree = "<group>"; };
		1D5F2C3D2112FF2E00499C83 /* TMMJSONModel.h */ = {isa = PBXFileReference; fileEncoding = 4; lastKnownFileType = sourcecode.c.h; path = TMMJSONModel.h; sourceTree = "<group>"; };
		1D5F2C3E2112FF2E00499C83 /* TMMJSONModelClassProperty.m */ = {isa = PBXFileReference; fileEncoding = 4; lastKnownFileType = sourcecode.c.objc; path = TMMJSONModelClassProperty.m; sourceTree = "<group>"; };
		1D5F2C3F2112FF2E00499C83 /* TMMJSONModelError.h */ = {isa = PBXFileReference; fileEncoding = 4; lastKnownFileType = sourcecode.c.h; path = TMMJSONModelError.h; sourceTree = "<group>"; };
		1D5F2C422112FF2E00499C83 /* TMMJSONModelLib.h */ = {isa = PBXFileReference; fileEncoding = 4; lastKnownFileType = sourcecode.c.h; path = TMMJSONModelLib.h; sourceTree = "<group>"; };
		1D5F2C442112FF2E00499C83 /* TMMJSONHTTPClient.m */ = {isa = PBXFileReference; fileEncoding = 4; lastKnownFileType = sourcecode.c.objc; path = TMMJSONHTTPClient.m; sourceTree = "<group>"; };
		1D5F2C452112FF2E00499C83 /* TMMJSONAPI.m */ = {isa = PBXFileReference; fileEncoding = 4; lastKnownFileType = sourcecode.c.objc; path = TMMJSONAPI.m; sourceTree = "<group>"; };
		1D5F2C462112FF2E00499C83 /* TMMJSONModel+networking.h */ = {isa = PBXFileReference; fileEncoding = 4; lastKnownFileType = sourcecode.c.h; path = "TMMJSONModel+networking.h"; sourceTree = "<group>"; };
		1D5F2C472112FF2E00499C83 /* TMMJSONHTTPClient.h */ = {isa = PBXFileReference; fileEncoding = 4; lastKnownFileType = sourcecode.c.h; path = TMMJSONHTTPClient.h; sourceTree = "<group>"; };
		1D5F2C482112FF2E00499C83 /* TMMJSONAPI.h */ = {isa = PBXFileReference; fileEncoding = 4; lastKnownFileType = sourcecode.c.h; path = TMMJSONAPI.h; sourceTree = "<group>"; };
		1D5F2C492112FF2E00499C83 /* TMMJSONModel+networking.m */ = {isa = PBXFileReference; fileEncoding = 4; lastKnownFileType = sourcecode.c.objc; path = "TMMJSONModel+networking.m"; sourceTree = "<group>"; };
		1D5FF68F215BA134001E69CD /* Media.xcassets */ = {isa = PBXFileReference; lastKnownFileType = folder.assetcatalog; path = Media.xcassets; sourceTree = "<group>"; };
		1D5FF695215BB379001E69CD /* TMMSDKBundle.bundle */ = {isa = PBXFileReference; explicitFileType = wrapper.cfbundle; includeInIndex = 0; path = TMMSDKBundle.bundle; sourceTree = BUILT_PRODUCTS_DIR; };
		1D5FF697215BB379001E69CD /* Info.plist */ = {isa = PBXFileReference; lastKnownFileType = text.plist.xml; path = Info.plist; sourceTree = "<group>"; };
		1D5FF6B5215BD9B2001E69CD /* en */ = {isa = PBXFileReference; lastKnownFileType = text.plist.strings; name = en; path = en.lproj/Localizable.strings; sourceTree = "<group>"; };
		1D5FF6B7215BD9DC001E69CD /* zh-Hans */ = {isa = PBXFileReference; lastKnownFileType = text.plist.strings; name = "zh-Hans"; path = "zh-Hans.lproj/Localizable.strings"; sourceTree = "<group>"; };
		1D7CBDF8210F29940000A208 /* AdSupport.framework */ = {isa = PBXFileReference; lastKnownFileType = wrapper.framework; name = AdSupport.framework; path = System/Library/Frameworks/AdSupport.framework; sourceTree = SDKROOT; };
		1D7CBDFA210F29A00000A208 /* CoreTelephony.framework */ = {isa = PBXFileReference; lastKnownFileType = wrapper.framework; name = CoreTelephony.framework; path = System/Library/Frameworks/CoreTelephony.framework; sourceTree = SDKROOT; };
		1D7CBDFC210F29CA0000A208 /* Security.framework */ = {isa = PBXFileReference; lastKnownFileType = wrapper.framework; name = Security.framework; path = System/Library/Frameworks/Security.framework; sourceTree = SDKROOT; };
		1D9515F9210B090900861C3D /* TMMSDK.framework */ = {isa = PBXFileReference; explicitFileType = wrapper.framework; includeInIndex = 0; path = TMMSDK.framework; sourceTree = BUILT_PRODUCTS_DIR; };
		1D9515FC210B090900861C3D /* TMMSDK.h */ = {isa = PBXFileReference; lastKnownFileType = sourcecode.c.h; path = TMMSDK.h; sourceTree = "<group>"; };
		1D9515FD210B090900861C3D /* Info.plist */ = {isa = PBXFileReference; lastKnownFileType = text.plist.xml; path = Info.plist; sourceTree = "<group>"; };
		1D951609210B09A700861C3D /* PrefixHeader.pch */ = {isa = PBXFileReference; lastKnownFileType = sourcecode.c.h; path = PrefixHeader.pch; sourceTree = "<group>"; };
		1D95161F210B0A4F00861C3D /* TMMBeacon.h */ = {isa = PBXFileReference; lastKnownFileType = sourcecode.c.h; path = TMMBeacon.h; sourceTree = "<group>"; };
		1D951620210B0A6B00861C3D /* TMMBeacon.m */ = {isa = PBXFileReference; lastKnownFileType = sourcecode.c.objc; path = TMMBeacon.m; sourceTree = "<group>"; };
		1DA38ECF2173B27F0073DB8A /* UIImageView+Networking.h */ = {isa = PBXFileReference; lastKnownFileType = sourcecode.c.h; path = "UIImageView+Networking.h"; sourceTree = "<group>"; };
		1DA38ED02173B27F0073DB8A /* UIImageView+Networking.m */ = {isa = PBXFileReference; lastKnownFileType = sourcecode.c.objc; path = "UIImageView+Networking.m"; sourceTree = "<group>"; };
		1DDB124F211864AE00130C51 /* NSString+Encryption.h */ = {isa = PBXFileReference; lastKnownFileType = sourcecode.c.h; path = "NSString+Encryption.h"; sourceTree = "<group>"; };
		1DDB1250211864AE00130C51 /* NSString+Encryption.m */ = {isa = PBXFileReference; lastKnownFileType = sourcecode.c.objc; path = "NSString+Encryption.m"; sourceTree = "<group>"; };
		1DDB12532118657D00130C51 /* NSString+Base64.h */ = {isa = PBXFileReference; lastKnownFileType = sourcecode.c.h; path = "NSString+Base64.h"; sourceTree = "<group>"; };
		1DDB12542118657D00130C51 /* NSString+Base64.m */ = {isa = PBXFileReference; lastKnownFileType = sourcecode.c.objc; path = "NSString+Base64.m"; sourceTree = "<group>"; };
		1DDB1257211865BB00130C51 /* NSData+Base64.h */ = {isa = PBXFileReference; lastKnownFileType = sourcecode.c.h; path = "NSData+Base64.h"; sourceTree = "<group>"; };
		1DDB1258211865BB00130C51 /* NSData+Base64.m */ = {isa = PBXFileReference; lastKnownFileType = sourcecode.c.objc; path = "NSData+Base64.m"; sourceTree = "<group>"; };
		1DDB125B2119501400130C51 /* NSData+Hex.h */ = {isa = PBXFileReference; lastKnownFileType = sourcecode.c.h; path = "NSData+Hex.h"; sourceTree = "<group>"; };
		1DDB125C2119501400130C51 /* NSData+Hex.m */ = {isa = PBXFileReference; lastKnownFileType = sourcecode.c.objc; path = "NSData+Hex.m"; sourceTree = "<group>"; };
/* End PBXFileReference section */

/* Begin PBXFrameworksBuildPhase section */
		1D2CC8482111C8FE00F91A7B /* Frameworks */ = {
			isa = PBXFrameworksBuildPhase;
			buildActionMask = 2147483647;
			files = (
				1D2CC8702111CC5F00F91A7B /* CoreTelephony.framework in Frameworks */,
				1D2CC86F2111CC5D00F91A7B /* Security.framework in Frameworks */,
				1D2CC8712111CC6200F91A7B /* AdSupport.framework in Frameworks */,
			);
			runOnlyForDeploymentPostprocessing = 0;
		};
		1D5FF692215BB379001E69CD /* Frameworks */ = {
			isa = PBXFrameworksBuildPhase;
			buildActionMask = 2147483647;
			files = (
			);
			runOnlyForDeploymentPostprocessing = 0;
		};
		1D9515F5210B090900861C3D /* Frameworks */ = {
			isa = PBXFrameworksBuildPhase;
			buildActionMask = 2147483647;
			files = (
				1D7CBDFD210F29CA0000A208 /* Security.framework in Frameworks */,
				1D7CBDFB210F29A00000A208 /* CoreTelephony.framework in Frameworks */,
				1D7CBDF9210F29940000A208 /* AdSupport.framework in Frameworks */,
			);
			runOnlyForDeploymentPostprocessing = 0;
		};
/* End PBXFrameworksBuildPhase section */

/* Begin PBXGroup section */
		1D15659B210B101000866C0F /* DeviceInfo */ = {
			isa = PBXGroup;
			children = (
				1D15659D210B101000866C0F /* TMMDeviceInfo.h */,
				1D15659C210B101000866C0F /* TMMDeviceInfo.m */,
			);
			path = DeviceInfo;
			sourceTree = "<group>";
		};
		1D1565A1210B101000866C0F /* TMMWeakTimer */ = {
			isa = PBXGroup;
			children = (
				1D1565A2210B101000866C0F /* TMMWeakTimer.h */,
				1D1565A3210B101000866C0F /* TMMWeakTimer.m */,
			);
			path = TMMWeakTimer;
			sourceTree = "<group>";
		};
		1D1565AF210B11B900866C0F /* Hooks */ = {
			isa = PBXGroup;
			children = (
				1D361650210F0045003CD5A6 /* TMMHook.h */,
				1D36164E210F000E003CD5A6 /* TMMHook.m */,
				1D361652210F0359003CD5A6 /* TMMHookHelper.h */,
				1D361653210F0372003CD5A6 /* TMMHookHelper.m */,
				1D48230F210B1FE5007D2AB1 /* UIWebView+TMMHook.h */,
				1D482310210B1FE5007D2AB1 /* UIWebView+TMMHook.m */,
				1D1565B0210B120500866C0F /* UIApplication+TMMHook.h */,
				1D1565B1210B122B00866C0F /* UIApplication+TMMHook.m */,
				1D1565B3210B13C600866C0F /* UIViewController+TMMHook.h */,
				1D1565B4210B13C600866C0F /* UIViewController+TMMHook.m */,
				1D1565B7210B144400866C0F /* UINavigationController+TMMHook.h */,
				1D1565B8210B144400866C0F /* UINavigationController+TMMHook.m */,
				1D1565BC210B16EC00866C0F /* UIScrollView+TMMHook.h */,
				1D1565BD210B16EC00866C0F /* UIScrollView+TMMHook.m */,
				1D361657210F197D003CD5A6 /* UITabBarController+TMMHook.h */,
				1D361658210F197D003CD5A6 /* UITabBarController+TMMHook.m */,
				1D36164A210B23A8003CD5A6 /* AppDelegate+TMMHook.h */,
				1D36164B210B23A8003CD5A6 /* AppDelegate+TMMHook.m */,
			);
			path = Hooks;
			sourceTree = "<group>";
		};
		1D2CC79721102B9D00F91A7B /* Extensions */ = {
			isa = PBXGroup;
			children = (
				1D2CC79A21102BD700F91A7B /* NSString+Hashes.h */,
				1D2CC79B21102BD700F91A7B /* NSString+Hashes.m */,
				1DDB124F211864AE00130C51 /* NSString+Encryption.h */,
				1DDB1250211864AE00130C51 /* NSString+Encryption.m */,
				1DDB12532118657D00130C51 /* NSString+Base64.h */,
				1DDB12542118657D00130C51 /* NSString+Base64.m */,
				1DDB1257211865BB00130C51 /* NSData+Base64.h */,
				1DDB1258211865BB00130C51 /* NSData+Base64.m */,
				1DDB125B2119501400130C51 /* NSData+Hex.h */,
				1DDB125C2119501400130C51 /* NSData+Hex.m */,
				1D0F47A9215DEAFB00385423 /* UIView+Toast.h */,
				1D0F47AA215DEAFB00385423 /* UIView+Toast.m */,
				1DA38ECF2173B27F0073DB8A /* UIImageView+Networking.h */,
				1DA38ED02173B27F0073DB8A /* UIImageView+Networking.m */,
			);
			path = Extensions;
			sourceTree = "<group>";
		};
		1D2CC84C2111C8FE00F91A7B /* libTMMSDK */ = {
			isa = PBXGroup;
			children = (
				1D2CC84D2111C8FE00F91A7B /* libTMMSDK.h */,
				1D2CC84E2111C8FE00F91A7B /* libTMMSDK.m */,
			);
			path = libTMMSDK;
			sourceTree = "<group>";
		};
		1D5F2C0F2112FED800499C83 /* Dependencies */ = {
			isa = PBXGroup;
			children = (
				1D5F2C102112FED800499C83 /* TMMAFNetworking */,
				1D5F2C332112FF2E00499C83 /* TMMJSONModel */,
				1D5F2C1F2112FED800499C83 /* TMMKeyChainStore */,
			);
			path = Dependencies;
			sourceTree = "<group>";
		};
		1D5F2C102112FED800499C83 /* TMMAFNetworking */ = {
			isa = PBXGroup;
			children = (
				1D5F2C112112FED800499C83 /* TMMAFSecurityPolicy.h */,
				1D5F2C122112FED800499C83 /* TMMAFNetworkReachabilityManager.h */,
				1D5F2C132112FED800499C83 /* TMMAFURLSessionManager.h */,
				1D5F2C142112FED800499C83 /* TMMAFURLRequestSerialization.h */,
				1D5F2C152112FED800499C83 /* TMMAFURLResponseSerialization.m */,
				1D5F2C162112FED800499C83 /* TMMAFHTTPSessionManager.m */,
				1D5F2C172112FED800499C83 /* TMMAFURLResponseSerialization.h */,
				1D5F2C182112FED800499C83 /* TMMAFURLSessionManager.m */,
				1D5F2C192112FED800499C83 /* TMMAFURLRequestSerialization.m */,
				1D5F2C1A2112FED800499C83 /* TMMAFNetworking.h */,
				1D5F2C1B2112FED800499C83 /* TMMAFNetworkReachabilityManager.m */,
				1D5F2C1C2112FED800499C83 /* TMMAFSecurityPolicy.m */,
				1D5F2C1D2112FED800499C83 /* TMMAFCompatibilityMacros.h */,
				1D5F2C1E2112FED800499C83 /* TMMAFHTTPSessionManager.h */,
			);
			path = TMMAFNetworking;
			sourceTree = "<group>";
		};
		1D5F2C1F2112FED800499C83 /* TMMKeyChainStore */ = {
			isa = PBXGroup;
			children = (
				1D5F2C202112FED800499C83 /* TMMKeyChainStore.m */,
				1D5F2C212112FED800499C83 /* TMMKeyChainStore.h */,
			);
			path = TMMKeyChainStore;
			sourceTree = "<group>";
		};
		1D5F2C332112FF2E00499C83 /* TMMJSONModel */ = {
			isa = PBXGroup;
			children = (
				1D5F2C342112FF2E00499C83 /* TMMJSONModelTransformations */,
				1D5F2C392112FF2E00499C83 /* TMMJSONModel */,
				1D5F2C422112FF2E00499C83 /* TMMJSONModelLib.h */,
				1D5F2C432112FF2E00499C83 /* TMMJSONModelNetworking */,
			);
			name = TMMJSONModel;
			path = Dependencies/TMMJSONModel;
			sourceTree = SOURCE_ROOT;
		};
		1D5F2C342112FF2E00499C83 /* TMMJSONModelTransformations */ = {
			isa = PBXGroup;
			children = (
				1D5F2C352112FF2E00499C83 /* TMMJSONValueTransformer.m */,
				1D5F2C362112FF2E00499C83 /* TMMJSONKeyMapper.h */,
				1D5F2C372112FF2E00499C83 /* TMMJSONValueTransformer.h */,
				1D5F2C382112FF2E00499C83 /* TMMJSONKeyMapper.m */,
			);
			path = TMMJSONModelTransformations;
			sourceTree = "<group>";
		};
		1D5F2C392112FF2E00499C83 /* TMMJSONModel */ = {
			isa = PBXGroup;
			children = (
				1D5F2C3A2112FF2E00499C83 /* TMMJSONModel.m */,
				1D5F2C3B2112FF2E00499C83 /* TMMJSONModelError.m */,
				1D5F2C3C2112FF2E00499C83 /* TMMJSONModelClassProperty.h */,
				1D5F2C3D2112FF2E00499C83 /* TMMJSONModel.h */,
				1D5F2C3E2112FF2E00499C83 /* TMMJSONModelClassProperty.m */,
				1D5F2C3F2112FF2E00499C83 /* TMMJSONModelError.h */,
			);
			path = TMMJSONModel;
			sourceTree = "<group>";
		};
		1D5F2C432112FF2E00499C83 /* TMMJSONModelNetworking */ = {
			isa = PBXGroup;
			children = (
				1D5F2C442112FF2E00499C83 /* TMMJSONHTTPClient.m */,
				1D5F2C452112FF2E00499C83 /* TMMJSONAPI.m */,
				1D5F2C462112FF2E00499C83 /* TMMJSONModel+networking.h */,
				1D5F2C472112FF2E00499C83 /* TMMJSONHTTPClient.h */,
				1D5F2C482112FF2E00499C83 /* TMMJSONAPI.h */,
				1D5F2C492112FF2E00499C83 /* TMMJSONModel+networking.m */,
			);
			path = TMMJSONModelNetworking;
			sourceTree = "<group>";
		};
		1D5FF696215BB379001E69CD /* TMMSDKBundle */ = {
			isa = PBXGroup;
			children = (
				1D5FF697215BB379001E69CD /* Info.plist */,
			);
			path = TMMSDKBundle;
			sourceTree = "<group>";
		};
		1D7CBDF7210F29940000A208 /* Frameworks */ = {
			isa = PBXGroup;
			children = (
				1D7CBDFC210F29CA0000A208 /* Security.framework */,
				1D7CBDFA210F29A00000A208 /* CoreTelephony.framework */,
				1D7CBDF8210F29940000A208 /* AdSupport.framework */,
			);
			name = Frameworks;
			sourceTree = "<group>";
		};
		1D9515EF210B090900861C3D = {
			isa = PBXGroup;
			children = (
				1D9515FB210B090900861C3D /* TMMSDK */,
				1D2CC84C2111C8FE00F91A7B /* libTMMSDK */,
				1D5FF696215BB379001E69CD /* TMMSDKBundle */,
				1D9515FA210B090900861C3D /* Products */,
				1D5F2C0F2112FED800499C83 /* Dependencies */,
				1D7CBDF7210F29940000A208 /* Frameworks */,
			);
			sourceTree = "<group>";
		};
		1D9515FA210B090900861C3D /* Products */ = {
			isa = PBXGroup;
			children = (
				1D9515F9210B090900861C3D /* TMMSDK.framework */,
				1D2CC84B2111C8FE00F91A7B /* liblibTMMSDK.a */,
				1D5FF695215BB379001E69CD /* TMMSDKBundle.bundle */,
			);
			name = Products;
			sourceTree = "<group>";
		};
		1D9515FB210B090900861C3D /* TMMSDK */ = {
			isa = PBXGroup;
			children = (
				1D9515FC210B090900861C3D /* TMMSDK.h */,
				1D1871F021143037007CFDBB /* TMMSDK.xcconfig */,
				1D951609210B09A700861C3D /* PrefixHeader.pch */,
				1D9515FD210B090900861C3D /* Info.plist */,
				1D5FF6B6215BD9B2001E69CD /* Localizable.strings */,
				1D5FF68F215BA134001E69CD /* Media.xcassets */,
				1D2CC79721102B9D00F91A7B /* Extensions */,
				1D1565AF210B11B900866C0F /* Hooks */,
				1D15659B210B101000866C0F /* DeviceInfo */,
				1D1565A1210B101000866C0F /* TMMWeakTimer */,
				1D95161E210B0A4000861C3D /* SDK */,
			);
			path = TMMSDK;
			sourceTree = "<group>";
		};
		1D95161E210B0A4000861C3D /* SDK */ = {
			isa = PBXGroup;
			children = (
				1D95161F210B0A4F00861C3D /* TMMBeacon.h */,
				1D951620210B0A6B00861C3D /* TMMBeacon.m */,
				1D2CC79E21102CA600F91A7B /* TMMApi.h */,
				1D2CC79F21102CE500F91A7B /* TMMApi.m */,
				1D2CC7A6211167CA00F91A7B /* TMMPingRequest.h */,
				1D2CC7A72111682600F91A7B /* TMMPingRequest.m */,
				1D36165D210F23C7003CD5A6 /* TMMDevice.h */,
				1D36165E210F23C7003CD5A6 /* TMMDevice.m */,
				1D361655210F14CB003CD5A6 /* TMMBeaconDelegate.h */,
			);
			path = SDK;
			sourceTree = "<group>";
		};
/* End PBXGroup section */

/* Begin PBXHeadersBuildPhase section */
		1D9515F6210B090900861C3D /* Headers */ = {
			isa = PBXHeadersBuildPhase;
			buildActionMask = 2147483647;
			files = (
				1D1871A021131942007CFDBB /* TMMJSONModel+networking.h in Headers */,
				1D18718D211318F9007CFDBB /* TMMAFURLRequestSerialization.h in Headers */,
				1D5F2C522112FF6200499C83 /* TMMJSONModelLib.h in Headers */,
				1D187190211318F9007CFDBB /* TMMAFHTTPSessionManager.h in Headers */,
				1D482311210B1FE5007D2AB1 /* UIWebView+TMMHook.h in Headers */,
				1D36164C210B23A8003CD5A6 /* AppDelegate+TMMHook.h in Headers */,
				1D5F2C562112FFBA00499C83 /* TMMAFNetworking.h in Headers */,
				1D5F2C572112FFC800499C83 /* TMMKeyChainStore.h in Headers */,
				1D2CC86B2111CC2500F91A7B /* TMMBeaconDelegate.h in Headers */,
				1D1565A8210B101000866C0F /* TMMDeviceInfo.h in Headers */,
				1D2CC8552111CB6300F91A7B /* TMMHook.h in Headers */,
				1D1871A221131942007CFDBB /* TMMJSONAPI.h in Headers */,
				1D951622210B0B2600861C3D /* TMMBeacon.h in Headers */,
				1D2CC8572111CB9B00F91A7B /* TMMHookHelper.h in Headers */,
				1D18719B2113192F007CFDBB /* TMMJSONModel.h in Headers */,
				1D18718F211318F9007CFDBB /* TMMAFCompatibilityMacros.h in Headers */,
				1D361659210F197D003CD5A6 /* UITabBarController+TMMHook.h in Headers */,
				1DDB1251211864AE00130C51 /* NSString+Encryption.h in Headers */,
				1D1871A62113194C007CFDBB /* TMMJSONValueTransformer.h in Headers */,
				1D18718B211318F9007CFDBB /* TMMAFNetworkReachabilityManager.h in Headers */,
				1D1871A52113194C007CFDBB /* TMMJSONKeyMapper.h in Headers */,
				1D1565BE210B16EC00866C0F /* UIScrollView+TMMHook.h in Headers */,
				1D1565BB210B14D700866C0F /* UIApplication+TMMHook.h in Headers */,
				1D1871A121131942007CFDBB /* TMMJSONHTTPClient.h in Headers */,
				1DDB125D2119501400130C51 /* NSData+Hex.h in Headers */,
				1D18719A2113192F007CFDBB /* TMMJSONModelClassProperty.h in Headers */,
				1DA38ED12173B27F0073DB8A /* UIImageView+Networking.h in Headers */,
				1D2CC8682111CC1900F91A7B /* TMMPingRequest.h in Headers */,
				1D18718A211318F9007CFDBB /* TMMAFSecurityPolicy.h in Headers */,
				1D0F47AB215DEAFB00385423 /* UIView+Toast.h in Headers */,
				1DDB1259211865BB00130C51 /* NSData+Base64.h in Headers */,
				1D2CC7A5211164EA00F91A7B /* TMMApi.h in Headers */,
				1D36165F210F23C7003CD5A6 /* TMMDevice.h in Headers */,
				1D18718C211318F9007CFDBB /* TMMAFURLSessionManager.h in Headers */,
				1DDB12552118657D00130C51 /* NSString+Base64.h in Headers */,
				1D1565B9210B144400866C0F /* UINavigationController+TMMHook.h in Headers */,
				1D9515FE210B090900861C3D /* TMMSDK.h in Headers */,
				1D1565B5210B13C600866C0F /* UIViewController+TMMHook.h in Headers */,
				1D18718E211318F9007CFDBB /* TMMAFURLResponseSerialization.h in Headers */,
				1D2CC79C21102BD700F91A7B /* NSString+Hashes.h in Headers */,
				1D1565AB210B101000866C0F /* TMMWeakTimer.h in Headers */,
				1D18719C2113192F007CFDBB /* TMMJSONModelError.h in Headers */,
			);
			runOnlyForDeploymentPostprocessing = 0;
		};
/* End PBXHeadersBuildPhase section */

/* Begin PBXNativeTarget section */
		1D2CC84A2111C8FE00F91A7B /* libTMMSDK */ = {
			isa = PBXNativeTarget;
			buildConfigurationList = 1D2CC8512111C8FE00F91A7B /* Build configuration list for PBXNativeTarget "libTMMSDK" */;
			buildPhases = (
				1D2CC8472111C8FE00F91A7B /* Sources */,
				1D2CC8482111C8FE00F91A7B /* Frameworks */,
				1D2CC8492111C8FE00F91A7B /* CopyFiles */,
			);
			buildRules = (
			);
			dependencies = (
			);
			name = libTMMSDK;
			productName = libTMMSDK;
			productReference = 1D2CC84B2111C8FE00F91A7B /* liblibTMMSDK.a */;
			productType = "com.apple.product-type.library.static";
		};
		1D5FF694215BB379001E69CD /* TMMSDKBundle */ = {
			isa = PBXNativeTarget;
			buildConfigurationList = 1D5FF698215BB379001E69CD /* Build configuration list for PBXNativeTarget "TMMSDKBundle" */;
			buildPhases = (
				1D5FF691215BB379001E69CD /* Sources */,
				1D5FF692215BB379001E69CD /* Frameworks */,
				1D5FF693215BB379001E69CD /* Resources */,
			);
			buildRules = (
			);
			dependencies = (
			);
			name = TMMSDKBundle;
			productName = TMMSDKBundle;
			productReference = 1D5FF695215BB379001E69CD /* TMMSDKBundle.bundle */;
			productType = "com.apple.product-type.bundle";
		};
		1D9515F8210B090900861C3D /* TMMSDK */ = {
			isa = PBXNativeTarget;
			buildConfigurationList = 1D951601210B090900861C3D /* Build configuration list for PBXNativeTarget "TMMSDK" */;
			buildPhases = (
				1D9515F4210B090900861C3D /* Sources */,
				1D9515F5210B090900861C3D /* Frameworks */,
				1D9515F6210B090900861C3D /* Headers */,
				1D9515F7210B090900861C3D /* Resources */,
			);
			buildRules = (
			);
			dependencies = (
				1D5FF6A2215BB4C2001E69CD /* PBXTargetDependency */,
			);
			name = TMMSDK;
			productName = TMMSDK;
			productReference = 1D9515F9210B090900861C3D /* TMMSDK.framework */;
			productType = "com.apple.product-type.framework";
		};
/* End PBXNativeTarget section */

/* Begin PBXProject section */
		1D9515F0210B090900861C3D /* Project object */ = {
			isa = PBXProject;
			attributes = {
				LastUpgradeCheck = 0940;
				ORGANIZATIONNAME = tokenmama.io;
				TargetAttributes = {
					1D2CC84A2111C8FE00F91A7B = {
						CreatedOnToolsVersion = 9.4.1;
					};
					1D2CC8732111D16100F91A7B = {
						CreatedOnToolsVersion = 9.4.1;
					};
					1D5FF694215BB379001E69CD = {
						CreatedOnToolsVersion = 10.0;
					};
					1D9515F8210B090900861C3D = {
						CreatedOnToolsVersion = 9.4.1;
					};
					1D951604210B093C00861C3D = {
						CreatedOnToolsVersion = 9.4.1;
					};
				};
			};
			buildConfigurationList = 1D9515F3210B090900861C3D /* Build configuration list for PBXProject "TMMSDK" */;
			compatibilityVersion = "Xcode 10.0";
			developmentRegion = en;
			hasScannedForEncodings = 0;
			knownRegions = (
				en,
				"zh-Hans",
			);
			mainGroup = 1D9515EF210B090900861C3D;
			productRefGroup = 1D9515FA210B090900861C3D /* Products */;
			projectDirPath = "";
			projectRoot = "";
			targets = (
				1D9515F8210B090900861C3D /* TMMSDK */,
				1D951604210B093C00861C3D /* TMMSDKMaker */,
				1D2CC84A2111C8FE00F91A7B /* libTMMSDK */,
				1D2CC8732111D16100F91A7B /* libTMMSDKMaker */,
				1D5FF694215BB379001E69CD /* TMMSDKBundle */,
			);
		};
/* End PBXProject section */

/* Begin PBXResourcesBuildPhase section */
		1D5FF693215BB379001E69CD /* Resources */ = {
			isa = PBXResourcesBuildPhase;
			buildActionMask = 2147483647;
			files = (
				1D0F47AD215DF52A00385423 /* Localizable.strings in Resources */,
				1D5FF69B215BB3F0001E69CD /* Media.xcassets in Resources */,
			);
			runOnlyForDeploymentPostprocessing = 0;
		};
		1D9515F7210B090900861C3D /* Resources */ = {
			isa = PBXResourcesBuildPhase;
			buildActionMask = 2147483647;
			files = (
				1D5FF69C215BB425001E69CD /* TMMSDKBundle.bundle in Resources */,
			);
			runOnlyForDeploymentPostprocessing = 0;
		};
/* End PBXResourcesBuildPhase section */

/* Begin PBXShellScriptBuildPhase section */
		1D2CC8772111D16600F91A7B /* ShellScript */ = {
			isa = PBXShellScriptBuildPhase;
			buildActionMask = 2147483647;
			files = (
			);
			inputPaths = (
			);
			outputPaths = (
			);
			runOnlyForDeploymentPostprocessing = 0;
			shellPath = /bin/sh;
			shellScript = "#xcodebuild -project TMMSDK.xcodeproj -target FrameworkMaker_Release;rm -rf build;\nproductName=\"lib${PROJECT_NAME}\"\ntarget=\"${productName}\"\ntmpDir=\"${PROJECT_TEMP_DIR}/build\"\nbuildDir=\"${SRCROOT}/build\"\nrm -rf \"${tmpDir}\"#清除编译临时文件\n\n#编译bundle\nxcodebuild -target \"${PROJECT_NAME}Bundle\" -configuration \"Release\" -sdk \"iphoneos\" build SYMROOT=\"${tmpDir}\" ONLY_ACTIVE_ARCH=\"NO\" VALID_ARCHS=\"arm64 armv7 armv7s i386 x86_64\"\n\nfunction buildLibs(){\n    sdks=(\"iphonesimulator\" \"iphoneos\")\n    configurations=(\"Debug\" \"Release\")\n    for configuration in ${configurations[@]}\n    do\n    for sdk in ${sdks[@]}\n    do\n    xcodebuild -target \"${target}\" -configuration \"${configuration}\" -sdk \"${sdk}\" build SYMROOT=\"${tmpDir}\" ONLY_ACTIVE_ARCH=\"NO\" VALID_ARCHS=\"arm64 armv7 armv7s i386 x86_64\"\n    done\n    done\n}\nfunction lipoLibs(){\n    #copy Release-iphoneos到 Frameworks 目录,然后 lipo -c 一份\n    frameworkDir=\"${buildDir}/Frameworks\"\n    [ -d \"${frameworkDir}\" ] || mkdir -p \"${frameworkDir}\"\n    cp -r \"${buildDir}/Release-iphoneos/lib${target}.a\" \"${frameworkDir}/\"\n    #lipo -c ... -o ..\n    lipo -c \"${buildDir}/Release-iphoneos/lib${target}.a\" \"${buildDir}/Release-iphonesimulator/lib${target}.a\" -o \"${frameworkDir}/lib${target}.a\"\n}\nfunction rmLibs(){\n    sdks=(\"iphonesimulator\" \"iphoneos\")\n    configurations=(\"Release\")\n    for configuration in ${configurations[@]}\n    do\n    for sdk in ${sdks[@]}\n    do\n    rm -rf \"${buildDir}/${configuration}-${sdk}/lib${target}.a\"\n    done\n    done\n}\nbuildLibs\nlipoLibs\n#rmLibs\n#cp to ios_libs\n#cp -Rf \"${buildDir}/Frameworks/${productName}.framework\" \"${buildDir}/Frameworks/${productName}.framework\"\n";
		};
		1D951608210B094700861C3D /* ShellScript */ = {
			isa = PBXShellScriptBuildPhase;
			buildActionMask = 2147483647;
			files = (
			);
			inputPaths = (
			);
			outputPaths = (
			);
			runOnlyForDeploymentPostprocessing = 0;
			shellPath = /bin/sh;
			shellScript = "#xcodebuild -project TMMSDK.xcodeproj -target FrameworkMaker_Release;rm -rf build;\nproductName=\"${PROJECT_NAME}\"\ntarget=\"${productName}\"\ntmpDir=\"${PROJECT_TEMP_DIR}/build\"\nbuildDir=\"${SRCROOT}/build\"\nrm -rf \"${tmpDir}\"#清除编译临时文件\n\n#编译bundle\nxcodebuild -target \"${PROJECT_NAME}Bundle\" -configuration \"Release\" -sdk \"iphoneos\" build SYMROOT=\"${tmpDir}\" ONLY_ACTIVE_ARCH=\"NO\" VALID_ARCHS=\"arm64 armv7 armv7s i386 x86_64\"\n\nfunction buildLibs(){\n    sdks=(\"iphonesimulator\" \"iphoneos\")\n    configurations=(\"Debug\" \"Release\")\n    for configuration in ${configurations[@]}\n    do\n    for sdk in ${sdks[@]}\n    do\n    xcodebuild -target \"${target}\" -configuration \"${configuration}\" -sdk \"${sdk}\" build SYMROOT=\"${tmpDir}\" ONLY_ACTIVE_ARCH=\"NO\" VALID_ARCHS=\"arm64 armv7 armv7s i386 x86_64\"\n    done\n    done\n}\nfunction lipoLibs(){\n    #copy Release-iphoneos到 Frameworks 目录,然后 lipo -c 一份\n    frameworkDir=\"${buildDir}/Frameworks\"\n    [ -d \"${frameworkDir}\" ] || mkdir -p \"${frameworkDir}\"\n    cp -r \"${buildDir}/Release-iphoneos/${productName}.framework\" \"${frameworkDir}/\"\n    #lipo -c ... -o ..\n    lipo -c \"${buildDir}/Release-iphoneos/${productName}.framework/${productName}\" \"${buildDir}/Release-iphonesimulator/${productName}.framework/${productName}\" -o \"${frameworkDir}/${productName}.framework/${productName}\"\n    rm -rf \"${frameworkDir}/${productName}.framework/_CodeSignature\"\n}\nfunction rmLibs(){\n    sdks=(\"iphonesimulator\" \"iphoneos\")\n    configurations=(\"Release\")\n    for configuration in ${configurations[@]}\n    do\n    for sdk in ${sdks[@]}\n    do\n    rm -rf \"${buildDir}/${configuration}-${sdk}/${productName}.framework\"\n    done\n    done\n}\nbuildLibs\nlipoLibs\n#rmLibs\n#cp to ios_libs\n#cp -Rf \"${buildDir}/Frameworks/${productName}.framework\" \"${buildDir}/Frameworks/${productName}.framework\"";
		};
/* End PBXShellScriptBuildPhase section */

/* Begin PBXSourcesBuildPhase section */
		1D2CC8472111C8FE00F91A7B /* Sources */ = {
			isa = PBXSourcesBuildPhase;
			buildActionMask = 2147483647;
			files = (
				1D2CC8692111CC1C00F91A7B /* TMMPingRequest.m in Sources */,
				1D2CC85B2111CBC100F91A7B /* UIViewController+TMMHook.m in Sources */,
				1D2CC8672111CC1200F91A7B /* TMMApi.m in Sources */,
				1D2CC8642111CBFC00F91A7B /* TMMWeakTimer.m in Sources */,
				1D5F2C4F2112FF2E00499C83 /* TMMJSONHTTPClient.m in Sources */,
				1D2CC84F2111C8FE00F91A7B /* libTMMSDK.m in Sources */,
				1D2CC8632111CBF500F91A7B /* TMMDeviceInfo.m in Sources */,
				1D5F2C2E2112FED800499C83 /* TMMAFSecurityPolicy.m in Sources */,
				1D2CC85F2111CBD800F91A7B /* AppDelegate+TMMHook.m in Sources */,
				1D2CC8602111CBE000F91A7B /* NSString+Hashes.m in Sources */,
				1D2CC85A2111CBAB00F91A7B /* UIApplication+TMMHook.m in Sources */,
				1D5F2C4E2112FF2E00499C83 /* TMMJSONModelClassProperty.m in Sources */,
				1D2CC86A2111CC2000F91A7B /* TMMDevice.m in Sources */,
				1D5F2C4A2112FF2E00499C83 /* TMMJSONValueTransformer.m in Sources */,
				1D2CC85D2111CBCC00F91A7B /* UIScrollView+TMMHook.m in Sources */,
				1D5F2C2A2112FED800499C83 /* TMMAFHTTPSessionManager.m in Sources */,
				1D2CC85C2111CBC600F91A7B /* UINavigationController+TMMHook.m in Sources */,
				1D5F2C512112FF2E00499C83 /* TMMJSONModel+networking.m in Sources */,
				1D5F2C2B2112FED800499C83 /* TMMAFURLSessionManager.m in Sources */,
				1D5F2C502112FF2E00499C83 /* TMMJSONAPI.m in Sources */,
				1D5F2C4D2112FF2E00499C83 /* TMMJSONModelError.m in Sources */,
				1D5F2C4B2112FF2E00499C83 /* TMMJSONKeyMapper.m in Sources */,
				1D5F2C292112FED800499C83 /* TMMAFURLResponseSerialization.m in Sources */,
				1D2CC8542111CB5500F91A7B /* TMMHook.m in Sources */,
				1D5F2C2F2112FED800499C83 /* TMMKeyChainStore.m in Sources */,
				1D2CC8662111CC0D00F91A7B /* TMMBeacon.m in Sources */,
				1D2CC8582111CB9F00F91A7B /* TMMHookHelper.m in Sources */,
				1D5F2C2C2112FED800499C83 /* TMMAFURLRequestSerialization.m in Sources */,
				1D2CC8592111CBA600F91A7B /* UIWebView+TMMHook.m in Sources */,
				1D5F2C2D2112FED800499C83 /* TMMAFNetworkReachabilityManager.m in Sources */,
				1D5F2C4C2112FF2E00499C83 /* TMMJSONModel.m in Sources */,
				1D2CC85E2111CBD300F91A7B /* UITabBarController+TMMHook.m in Sources */,
			);
			runOnlyForDeploymentPostprocessing = 0;
		};
		1D5FF691215BB379001E69CD /* Sources */ = {
			isa = PBXSourcesBuildPhase;
			buildActionMask = 2147483647;
			files = (
			);
			runOnlyForDeploymentPostprocessing = 0;
		};
		1D9515F4210B090900861C3D /* Sources */ = {
			isa = PBXSourcesBuildPhase;
			buildActionMask = 2147483647;
			files = (
				1D18718121131770007CFDBB /* TMMDeviceInfo.m in Sources */,
				1D187189211318B1007CFDBB /* TMMKeyChainStore.m in Sources */,
				1D18717B2113175D007CFDBB /* UINavigationController+TMMHook.m in Sources */,
				1D1871762113174B007CFDBB /* TMMHook.m in Sources */,
				1DDB12562118657D00130C51 /* NSString+Base64.m in Sources */,
				1DDB1252211864AE00130C51 /* NSString+Encryption.m in Sources */,
				1DDB125E2119501400130C51 /* NSData+Hex.m in Sources */,
				1D18718721131788007CFDBB /* TMMDevice.m in Sources */,
				1D18719621131906007CFDBB /* TMMAFSecurityPolicy.m in Sources */,
				1D18717821131752007CFDBB /* UIWebView+TMMHook.m in Sources */,
				1D18719E2113193E007CFDBB /* TMMJSONAPI.m in Sources */,
				1D18717F21131769007CFDBB /* NSString+Hashes.m in Sources */,
				1D18719721131919007CFDBB /* TMMJSONModel.m in Sources */,
				1DDB125A211865BB00130C51 /* NSData+Base64.m in Sources */,
				1D18718221131775007CFDBB /* TMMWeakTimer.m in Sources */,
				1D18717921131756007CFDBB /* UIApplication+TMMHook.m in Sources */,
				1D18717E21131766007CFDBB /* AppDelegate+TMMHook.m in Sources */,
				1D18717C21131760007CFDBB /* UIScrollView+TMMHook.m in Sources */,
				1D1871A421131949007CFDBB /* TMMJSONKeyMapper.m in Sources */,
				1D18719221131906007CFDBB /* TMMAFHTTPSessionManager.m in Sources */,
				1D1871772113174F007CFDBB /* TMMHookHelper.m in Sources */,
				1D18719D2113193E007CFDBB /* TMMJSONHTTPClient.m in Sources */,
				1DA38ED22173B27F0073DB8A /* UIImageView+Networking.m in Sources */,
				1D18718521131782007CFDBB /* TMMApi.m in Sources */,
				1D18719321131906007CFDBB /* TMMAFURLSessionManager.m in Sources */,
				1D18719121131906007CFDBB /* TMMAFURLResponseSerialization.m in Sources */,
				1D18718621131785007CFDBB /* TMMPingRequest.m in Sources */,
				1D18719F2113193E007CFDBB /* TMMJSONModel+networking.m in Sources */,
				1D18717A2113175A007CFDBB /* UIViewController+TMMHook.m in Sources */,
				1D18719921131919007CFDBB /* TMMJSONModelClassProperty.m in Sources */,
				1D18719821131919007CFDBB /* TMMJSONModelError.m in Sources */,
				1D1871A321131949007CFDBB /* TMMJSONValueTransformer.m in Sources */,
				1D18719421131906007CFDBB /* TMMAFURLRequestSerialization.m in Sources */,
				1D1871842113177E007CFDBB /* TMMBeacon.m in Sources */,
				1D18719521131906007CFDBB /* TMMAFNetworkReachabilityManager.m in Sources */,
				1D0F47AC215DEAFB00385423 /* UIView+Toast.m in Sources */,
				1D18717D21131763007CFDBB /* UITabBarController+TMMHook.m in Sources */,
			);
			runOnlyForDeploymentPostprocessing = 0;
		};
/* End PBXSourcesBuildPhase section */

/* Begin PBXTargetDependency section */
		1D5FF6A0215BB452001E69CD /* PBXTargetDependency */ = {
			isa = PBXTargetDependency;
			target = 1D9515F8210B090900861C3D /* TMMSDK */;
			targetProxy = 1D5FF69F215BB452001E69CD /* PBXContainerItemProxy */;
		};
		1D5FF6A2215BB4C2001E69CD /* PBXTargetDependency */ = {
			isa = PBXTargetDependency;
			target = 1D5FF694215BB379001E69CD /* TMMSDKBundle */;
			targetProxy = 1D5FF6A1215BB4C2001E69CD /* PBXContainerItemProxy */;
		};
/* End PBXTargetDependency section */

/* Begin PBXVariantGroup section */
		1D5FF6B6215BD9B2001E69CD /* Localizable.strings */ = {
			isa = PBXVariantGroup;
			children = (
				1D5FF6B5215BD9B2001E69CD /* en */,
				1D5FF6B7215BD9DC001E69CD /* zh-Hans */,
			);
			name = Localizable.strings;
			sourceTree = "<group>";
		};
/* End PBXVariantGroup section */

/* Begin XCBuildConfiguration section */
		1D2CC8522111C8FE00F91A7B /* Debug */ = {
			isa = XCBuildConfiguration;
			buildSettings = {
				CODE_SIGN_STYLE = Automatic;
				CONFIGURATION_BUILD_DIR = "$(SRCROOT)/build/$(CONFIGURATION)$(EFFECTIVE_PLATFORM_NAME)";
				DEAD_CODE_STRIPPING = NO;
				DEVELOPMENT_TEAM = 54X3D7LXEG;
				ENABLE_BITCODE = NO;
				FRAMEWORK_SEARCH_PATHS = (
					"$(inherited)",
					"$(PROJECT_DIR)",
				);
				GCC_PRECOMPILE_PREFIX_HEADER = YES;
				GCC_PREFIX_HEADER = "${SRCROOT}/${PROJECT_NAME}/PrefixHeader.pch";
				IPHONEOS_DEPLOYMENT_TARGET = 8.0;
				LINK_WITH_STANDARD_LIBRARIES = NO;
				ONLY_ACTIVE_ARCH = NO;
				OTHER_LDFLAGS = "";
				PRODUCT_NAME = "$(TARGET_NAME)";
				SKIP_INSTALL = YES;
				TARGETED_DEVICE_FAMILY = "1,2";
			};
			name = Debug;
		};
		1D2CC8532111C8FE00F91A7B /* Release */ = {
			isa = XCBuildConfiguration;
			buildSettings = {
				CODE_SIGN_STYLE = Automatic;
				CONFIGURATION_BUILD_DIR = "$(SRCROOT)/build/$(CONFIGURATION)$(EFFECTIVE_PLATFORM_NAME)";
				DEAD_CODE_STRIPPING = NO;
				DEVELOPMENT_TEAM = 54X3D7LXEG;
				ENABLE_BITCODE = NO;
				FRAMEWORK_SEARCH_PATHS = (
					"$(inherited)",
					"$(PROJECT_DIR)",
				);
				GCC_PRECOMPILE_PREFIX_HEADER = YES;
				GCC_PREFIX_HEADER = "${SRCROOT}/${PROJECT_NAME}/PrefixHeader.pch";
				IPHONEOS_DEPLOYMENT_TARGET = 8.0;
				LINK_WITH_STANDARD_LIBRARIES = NO;
				ONLY_ACTIVE_ARCH = NO;
				OTHER_LDFLAGS = "";
				PRODUCT_NAME = "$(TARGET_NAME)";
				SKIP_INSTALL = YES;
				TARGETED_DEVICE_FAMILY = "1,2";
			};
			name = Release;
		};
		1D2CC8752111D16100F91A7B /* Debug */ = {
			isa = XCBuildConfiguration;
			buildSettings = {
				CODE_SIGN_STYLE = Automatic;
				DEVELOPMENT_TEAM = 54X3D7LXEG;
				OTHER_LDFLAGS = "";
				PRODUCT_NAME = "$(TARGET_NAME)";
			};
			name = Debug;
		};
		1D2CC8762111D16100F91A7B /* Release */ = {
			isa = XCBuildConfiguration;
			buildSettings = {
				CODE_SIGN_STYLE = Automatic;
				DEVELOPMENT_TEAM = 54X3D7LXEG;
				OTHER_LDFLAGS = "";
				PRODUCT_NAME = "$(TARGET_NAME)";
			};
			name = Release;
		};
		1D5FF699215BB379001E69CD /* Debug */ = {
			isa = XCBuildConfiguration;
			buildSettings = {
				CODE_SIGN_IDENTITY = "Mac Developer";
				CODE_SIGN_STYLE = Automatic;
				COMBINE_HIDPI_IMAGES = NO;
				DEVELOPMENT_TEAM = "";
				ENABLE_BITCODE = NO;
				INFOPLIST_FILE = TMMSDKBundle/Info.plist;
				INSTALL_PATH = "";
				MACOSX_DEPLOYMENT_TARGET = 10.14;
				MTL_ENABLE_DEBUG_INFO = INCLUDE_SOURCE;
				MTL_FAST_MATH = YES;
				PRODUCT_BUNDLE_IDENTIFIER = com.tokenmama.TMMSDKBundle;
				PRODUCT_NAME = "$(TARGET_NAME)";
				SDKROOT = iphoneos;
				SKIP_INSTALL = YES;
				VERSIONING_SYSTEM = "";
				WRAPPER_EXTENSION = bundle;
			};
			name = Debug;
		};
		1D5FF69A215BB379001E69CD /* Release */ = {
			isa = XCBuildConfiguration;
			buildSettings = {
				CODE_SIGN_IDENTITY = "Mac Developer";
				CODE_SIGN_STYLE = Automatic;
				COMBINE_HIDPI_IMAGES = NO;
				DEVELOPMENT_TEAM = "";
				ENABLE_BITCODE = NO;
				INFOPLIST_FILE = TMMSDKBundle/Info.plist;
				INSTALL_PATH = "";
				MACOSX_DEPLOYMENT_TARGET = 10.14;
				MTL_FAST_MATH = YES;
				PRODUCT_BUNDLE_IDENTIFIER = com.tokenmama.TMMSDKBundle;
				PRODUCT_NAME = "$(TARGET_NAME)";
				SDKROOT = iphoneos;
				SKIP_INSTALL = YES;
				VERSIONING_SYSTEM = "";
				WRAPPER_EXTENSION = bundle;
			};
			name = Release;
		};
		1D9515FF210B090900861C3D /* Debug */ = {
			isa = XCBuildConfiguration;
			buildSettings = {
				ALWAYS_SEARCH_USER_PATHS = NO;
				CLANG_ANALYZER_LOCALIZABILITY_NONLOCALIZED = YES;
				CLANG_ANALYZER_NONNULL = YES;
				CLANG_ANALYZER_NUMBER_OBJECT_CONVERSION = YES_AGGRESSIVE;
				CLANG_CXX_LANGUAGE_STANDARD = "gnu++14";
				CLANG_CXX_LIBRARY = "libc++";
				CLANG_ENABLE_MODULES = YES;
				CLANG_ENABLE_OBJC_ARC = YES;
				CLANG_ENABLE_OBJC_WEAK = YES;
				CLANG_WARN_BLOCK_CAPTURE_AUTORELEASING = YES;
				CLANG_WARN_BOOL_CONVERSION = YES;
				CLANG_WARN_COMMA = YES;
				CLANG_WARN_CONSTANT_CONVERSION = YES;
				CLANG_WARN_DEPRECATED_OBJC_IMPLEMENTATIONS = YES;
				CLANG_WARN_DIRECT_OBJC_ISA_USAGE = YES_ERROR;
				CLANG_WARN_DOCUMENTATION_COMMENTS = YES;
				CLANG_WARN_EMPTY_BODY = YES;
				CLANG_WARN_ENUM_CONVERSION = YES;
				CLANG_WARN_INFINITE_RECURSION = YES;
				CLANG_WARN_INT_CONVERSION = YES;
				CLANG_WARN_NON_LITERAL_NULL_CONVERSION = YES;
				CLANG_WARN_OBJC_IMPLICIT_RETAIN_SELF = YES;
				CLANG_WARN_OBJC_LITERAL_CONVERSION = YES;
				CLANG_WARN_OBJC_ROOT_CLASS = YES_ERROR;
				CLANG_WARN_RANGE_LOOP_ANALYSIS = YES;
				CLANG_WARN_STRICT_PROTOTYPES = YES;
				CLANG_WARN_SUSPICIOUS_MOVE = YES;
				CLANG_WARN_UNGUARDED_AVAILABILITY = YES_AGGRESSIVE;
				CLANG_WARN_UNREACHABLE_CODE = YES;
				CLANG_WARN__DUPLICATE_METHOD_MATCH = YES;
				CODE_SIGN_IDENTITY = "iPhone Developer";
				COPY_PHASE_STRIP = NO;
				CURRENT_PROJECT_VERSION = 1;
				DEBUG_INFORMATION_FORMAT = dwarf;
				ENABLE_STRICT_OBJC_MSGSEND = YES;
				ENABLE_TESTABILITY = YES;
				GCC_C_LANGUAGE_STANDARD = gnu11;
				GCC_DYNAMIC_NO_PIC = NO;
				GCC_NO_COMMON_BLOCKS = YES;
				GCC_OPTIMIZATION_LEVEL = 0;
				GCC_PREPROCESSOR_DEFINITIONS = (
					"DEBUG=1",
					"$(inherited)",
				);
				GCC_WARN_64_TO_32_BIT_CONVERSION = YES;
				GCC_WARN_ABOUT_RETURN_TYPE = YES_ERROR;
				GCC_WARN_UNDECLARED_SELECTOR = YES;
				GCC_WARN_UNINITIALIZED_AUTOS = YES_AGGRESSIVE;
				GCC_WARN_UNUSED_FUNCTION = YES;
				GCC_WARN_UNUSED_VARIABLE = YES;
				IPHONEOS_DEPLOYMENT_TARGET = 9.0;
				MTL_ENABLE_DEBUG_INFO = YES;
				ONLY_ACTIVE_ARCH = YES;
				SDKROOT = iphoneos;
				VERSIONING_SYSTEM = "apple-generic";
				VERSION_INFO_PREFIX = "";
			};
			name = Debug;
		};
		1D951600210B090900861C3D /* Release */ = {
			isa = XCBuildConfiguration;
			buildSettings = {
				ALWAYS_SEARCH_USER_PATHS = NO;
				CLANG_ANALYZER_LOCALIZABILITY_NONLOCALIZED = YES;
				CLANG_ANALYZER_NONNULL = YES;
				CLANG_ANALYZER_NUMBER_OBJECT_CONVERSION = YES_AGGRESSIVE;
				CLANG_CXX_LANGUAGE_STANDARD = "gnu++14";
				CLANG_CXX_LIBRARY = "libc++";
				CLANG_ENABLE_MODULES = YES;
				CLANG_ENABLE_OBJC_ARC = YES;
				CLANG_ENABLE_OBJC_WEAK = YES;
				CLANG_WARN_BLOCK_CAPTURE_AUTORELEASING = YES;
				CLANG_WARN_BOOL_CONVERSION = YES;
				CLANG_WARN_COMMA = YES;
				CLANG_WARN_CONSTANT_CONVERSION = YES;
				CLANG_WARN_DEPRECATED_OBJC_IMPLEMENTATIONS = YES;
				CLANG_WARN_DIRECT_OBJC_ISA_USAGE = YES_ERROR;
				CLANG_WARN_DOCUMENTATION_COMMENTS = YES;
				CLANG_WARN_EMPTY_BODY = YES;
				CLANG_WARN_ENUM_CONVERSION = YES;
				CLANG_WARN_INFINITE_RECURSION = YES;
				CLANG_WARN_INT_CONVERSION = YES;
				CLANG_WARN_NON_LITERAL_NULL_CONVERSION = YES;
				CLANG_WARN_OBJC_IMPLICIT_RETAIN_SELF = YES;
				CLANG_WARN_OBJC_LITERAL_CONVERSION = YES;
				CLANG_WARN_OBJC_ROOT_CLASS = YES_ERROR;
				CLANG_WARN_RANGE_LOOP_ANALYSIS = YES;
				CLANG_WARN_STRICT_PROTOTYPES = YES;
				CLANG_WARN_SUSPICIOUS_MOVE = YES;
				CLANG_WARN_UNGUARDED_AVAILABILITY = YES_AGGRESSIVE;
				CLANG_WARN_UNREACHABLE_CODE = YES;
				CLANG_WARN__DUPLICATE_METHOD_MATCH = YES;
				CODE_SIGN_IDENTITY = "iPhone Developer";
				COPY_PHASE_STRIP = NO;
				CURRENT_PROJECT_VERSION = 1;
				DEBUG_INFORMATION_FORMAT = "dwarf-with-dsym";
				ENABLE_NS_ASSERTIONS = NO;
				ENABLE_STRICT_OBJC_MSGSEND = YES;
				GCC_C_LANGUAGE_STANDARD = gnu11;
				GCC_NO_COMMON_BLOCKS = YES;
				GCC_WARN_64_TO_32_BIT_CONVERSION = YES;
				GCC_WARN_ABOUT_RETURN_TYPE = YES_ERROR;
				GCC_WARN_UNDECLARED_SELECTOR = YES;
				GCC_WARN_UNINITIALIZED_AUTOS = YES_AGGRESSIVE;
				GCC_WARN_UNUSED_FUNCTION = YES;
				GCC_WARN_UNUSED_VARIABLE = YES;
				IPHONEOS_DEPLOYMENT_TARGET = 9.0;
				MTL_ENABLE_DEBUG_INFO = NO;
				SDKROOT = iphoneos;
				VALIDATE_PRODUCT = YES;
				VERSIONING_SYSTEM = "apple-generic";
				VERSION_INFO_PREFIX = "";
			};
			name = Release;
		};
		1D951602210B090900861C3D /* Debug */ = {
			isa = XCBuildConfiguration;
			buildSettings = {
				CODE_SIGN_IDENTITY = "";
				CODE_SIGN_STYLE = Automatic;
				CONFIGURATION_BUILD_DIR = "$(SRCROOT)/build/$(CONFIGURATION)$(EFFECTIVE_PLATFORM_NAME)";
				DEAD_CODE_STRIPPING = NO;
				DEFINES_MODULE = YES;
				DEVELOPMENT_TEAM = 54X3D7LXEG;
				DYLIB_COMPATIBILITY_VERSION = 1;
				DYLIB_CURRENT_VERSION = 1;
				DYLIB_INSTALL_NAME_BASE = "@rpath";
				ENABLE_BITCODE = YES;
				FRAMEWORK_SEARCH_PATHS = (
					"$(inherited)",
					"$(PROJECT_DIR)",
				);
				GCC_PRECOMPILE_PREFIX_HEADER = YES;
				GCC_PREFIX_HEADER = "${SRCROOT}/${PROJECT_NAME}/PrefixHeader.pch";
				INFOPLIST_FILE = TMMSDK/Info.plist;
				INSTALL_PATH = "$(LOCAL_LIBRARY_DIR)/Frameworks";
				IPHONEOS_DEPLOYMENT_TARGET = 8.0;
				LD_RUNPATH_SEARCH_PATHS = (
					"$(inherited)",
					"@executable_path/Frameworks",
					"@loader_path/Frameworks",
				);
				LIBRARY_SEARCH_PATHS = "$(SRCROOT)/build/$(CONFIGURATION)$(EFFECTIVE_PLATFORM_NAME)";
				LINK_WITH_STANDARD_LIBRARIES = NO;
				MACH_O_TYPE = staticlib;
				ONLY_ACTIVE_ARCH = NO;
				OTHER_CFLAGS = "-fembed-bitcode";
				OTHER_LDFLAGS = "-ObjC";
				PRODUCT_BUNDLE_IDENTIFIER = io.tokenmama.TMMSDK;
				PRODUCT_NAME = "$(TARGET_NAME:c99extidentifier)";
				SKIP_INSTALL = YES;
				TARGETED_DEVICE_FAMILY = "1,2";
			};
			name = Debug;
		};
		1D951603210B090900861C3D /* Release */ = {
			isa = XCBuildConfiguration;
			buildSettings = {
				CODE_SIGN_IDENTITY = "";
				CODE_SIGN_STYLE = Automatic;
				CONFIGURATION_BUILD_DIR = "$(SRCROOT)/build/$(CONFIGURATION)$(EFFECTIVE_PLATFORM_NAME)";
				DEAD_CODE_STRIPPING = NO;
				DEFINES_MODULE = YES;
				DEVELOPMENT_TEAM = 54X3D7LXEG;
				DYLIB_COMPATIBILITY_VERSION = 1;
				DYLIB_CURRENT_VERSION = 1;
				DYLIB_INSTALL_NAME_BASE = "@rpath";
				ENABLE_BITCODE = YES;
				FRAMEWORK_SEARCH_PATHS = (
					"$(inherited)",
					"$(PROJECT_DIR)",
				);
				GCC_PRECOMPILE_PREFIX_HEADER = YES;
				GCC_PREFIX_HEADER = "${SRCROOT}/${PROJECT_NAME}/PrefixHeader.pch";
				INFOPLIST_FILE = TMMSDK/Info.plist;
				INSTALL_PATH = "$(LOCAL_LIBRARY_DIR)/Frameworks";
				IPHONEOS_DEPLOYMENT_TARGET = 8.0;
				LD_RUNPATH_SEARCH_PATHS = (
					"$(inherited)",
					"@executable_path/Frameworks",
					"@loader_path/Frameworks",
				);
				LIBRARY_SEARCH_PATHS = "$(SRCROOT)/build/$(CONFIGURATION)$(EFFECTIVE_PLATFORM_NAME)";
				LINK_WITH_STANDARD_LIBRARIES = NO;
				MACH_O_TYPE = staticlib;
				ONLY_ACTIVE_ARCH = NO;
				OTHER_CFLAGS = "-fembed-bitcode";
				OTHER_LDFLAGS = "-ObjC";
				PRODUCT_BUNDLE_IDENTIFIER = io.tokenmama.TMMSDK;
				PRODUCT_NAME = "$(TARGET_NAME:c99extidentifier)";
				SKIP_INSTALL = YES;
				TARGETED_DEVICE_FAMILY = "1,2";
			};
			name = Release;
		};
		1D951606210B093C00861C3D /* Debug */ = {
			isa = XCBuildConfiguration;
			buildSettings = {
				CODE_SIGN_STYLE = Automatic;
				DEVELOPMENT_TEAM = 54X3D7LXEG;
				OTHER_LDFLAGS = "-ObjC";
				PRODUCT_NAME = "$(TARGET_NAME)";
			};
			name = Debug;
		};
		1D951607210B093C00861C3D /* Release */ = {
			isa = XCBuildConfiguration;
			buildSettings = {
				CODE_SIGN_STYLE = Automatic;
				DEVELOPMENT_TEAM = 54X3D7LXEG;
				OTHER_LDFLAGS = "-ObjC";
				PRODUCT_NAME = "$(TARGET_NAME)";
			};
			name = Release;
		};
/* End XCBuildConfiguration section */

/* Begin XCConfigurationList section */
		1D2CC8512111C8FE00F91A7B /* Build configuration list for PBXNativeTarget "libTMMSDK" */ = {
			isa = XCConfigurationList;
			buildConfigurations = (
				1D2CC8522111C8FE00F91A7B /* Debug */,
				1D2CC8532111C8FE00F91A7B /* Release */,
			);
			defaultConfigurationIsVisible = 0;
			defaultConfigurationName = Release;
		};
		1D2CC8742111D16100F91A7B /* Build configuration list for PBXAggregateTarget "libTMMSDKMaker" */ = {
			isa = XCConfigurationList;
			buildConfigurations = (
				1D2CC8752111D16100F91A7B /* Debug */,
				1D2CC8762111D16100F91A7B /* Release */,
			);
			defaultConfigurationIsVisible = 0;
			defaultConfigurationName = Release;
		};
		1D5FF698215BB379001E69CD /* Build configuration list for PBXNativeTarget "TMMSDKBundle" */ = {
			isa = XCConfigurationList;
			buildConfigurations = (
				1D5FF699215BB379001E69CD /* Debug */,
				1D5FF69A215BB379001E69CD /* Release */,
			);
			defaultConfigurationIsVisible = 0;
			defaultConfigurationName = Release;
		};
		1D9515F3210B090900861C3D /* Build configuration list for PBXProject "TMMSDK" */ = {
			isa = XCConfigurationList;
			buildConfigurations = (
				1D9515FF210B090900861C3D /* Debug */,
				1D951600210B090900861C3D /* Release */,
			);
			defaultConfigurationIsVisible = 0;
			defaultConfigurationName = Release;
		};
		1D951601210B090900861C3D /* Build configuration list for PBXNativeTarget "TMMSDK" */ = {
			isa = XCConfigurationList;
			buildConfigurations = (
				1D951602210B090900861C3D /* Debug */,
				1D951603210B090900861C3D /* Release */,
			);
			defaultConfigurationIsVisible = 0;
			defaultConfigurationName = Release;
		};
		1D951605210B093C00861C3D /* Build configuration list for PBXAggregateTarget "TMMSDKMaker" */ = {
			isa = XCConfigurationList;
			buildConfigurations = (
				1D951606210B093C00861C3D /* Debug */,
				1D951607210B093C00861C3D /* Release */,
			);
			defaultConfigurationIsVisible = 0;
			defaultConfigurationName = Release;
		};
/* End XCConfigurationList section */
	};
	rootObject = 1D9515F0210B090900861C3D /* Project object */;
}
